// !$*UTF8*$!
{
	archiveVersion = 1;
	classes = {
	};
	objectVersion = 50;
	objects = {

/* Begin PBXBuildFile section */
		1F035BCD22B92D5900CED93D /* AppDelegate.swift in Sources */ = {isa = PBXBuildFile; fileRef = 1F9A09A222974A9A00C1C3DA /* AppDelegate.swift */; };
		1F035BCF22B92D8000CED93D /* AppDelegate.swift in Sources */ = {isa = PBXBuildFile; fileRef = 1F9A09A222974A9A00C1C3DA /* AppDelegate.swift */; };
		1F12DEB222C29C3F005C5A27 /* ActivityTimer.xcdatamodeld in Sources */ = {isa = PBXBuildFile; fileRef = 1F510FCA229C01E500B5C258 /* ActivityTimer.xcdatamodeld */; };
		1F30239C22C01A46004BE29B /* NSManagedObjectContextMock.swift in Sources */ = {isa = PBXBuildFile; fileRef = 1F30239B22C01A46004BE29B /* NSManagedObjectContextMock.swift */; };
		1F30239F22C02530004BE29B /* ActivityTimerTestsError.swift in Sources */ = {isa = PBXBuildFile; fileRef = 1F30239E22C02530004BE29B /* ActivityTimerTestsError.swift */; };
		1F510FCC229C01E500B5C258 /* ActivityTimer.xcdatamodeld in Sources */ = {isa = PBXBuildFile; fileRef = 1F510FCA229C01E500B5C258 /* ActivityTimer.xcdatamodeld */; };
		1F510FCF229C04A900B5C258 /* ActivityFormViewController.swift in Sources */ = {isa = PBXBuildFile; fileRef = 1F9A09A422974A9A00C1C3DA /* ActivityFormViewController.swift */; };
		1F52A2A122C40F4700A962F1 /* ActivityOperationType.swift in Sources */ = {isa = PBXBuildFile; fileRef = 1F52A2A022C40F4700A962F1 /* ActivityOperationType.swift */; };
		1F52A2A322C40F4F00A962F1 /* NSKeyedUnarchiverError.swift in Sources */ = {isa = PBXBuildFile; fileRef = 1F52A2A222C40F4F00A962F1 /* NSKeyedUnarchiverError.swift */; };
		1F52A2A722C40F5700A962F1 /* OSLogExtension.swift in Sources */ = {isa = PBXBuildFile; fileRef = 1F52A2A422C40F5700A962F1 /* OSLogExtension.swift */; };
		1F52A2A822C40F5700A962F1 /* NSKeyedUnarchivedExtension.swift in Sources */ = {isa = PBXBuildFile; fileRef = 1F52A2A522C40F5700A962F1 /* NSKeyedUnarchivedExtension.swift */; };
		1F52A2A922C40F5700A962F1 /* WCSessionExtension.swift in Sources */ = {isa = PBXBuildFile; fileRef = 1F52A2A622C40F5700A962F1 /* WCSessionExtension.swift */; };
		1F52A2AB22C40F5E00A962F1 /* WKAlertHelper.swift in Sources */ = {isa = PBXBuildFile; fileRef = 1F52A2AA22C40F5E00A962F1 /* WKAlertHelper.swift */; };
		1F52A2AD22C40F6600A962F1 /* ActivityModel.swift in Sources */ = {isa = PBXBuildFile; fileRef = 1F52A2AC22C40F6600A962F1 /* ActivityModel.swift */; };
		1F574E3F22BC27CC0067F17E /* NSCoderMock.swift in Sources */ = {isa = PBXBuildFile; fileRef = 1F574E3E22BC27CC0067F17E /* NSCoderMock.swift */; };
		1F9A09A322974A9A00C1C3DA /* AppDelegate.swift in Sources */ = {isa = PBXBuildFile; fileRef = 1F9A09A222974A9A00C1C3DA /* AppDelegate.swift */; };
		1F9A09A522974A9A00C1C3DA /* ActivityFormViewController.swift in Sources */ = {isa = PBXBuildFile; fileRef = 1F9A09A422974A9A00C1C3DA /* ActivityFormViewController.swift */; };
		1F9A09A822974A9A00C1C3DA /* Main.storyboard in Resources */ = {isa = PBXBuildFile; fileRef = 1F9A09A622974A9A00C1C3DA /* Main.storyboard */; };
		1F9A09AA22974A9D00C1C3DA /* Assets.xcassets in Resources */ = {isa = PBXBuildFile; fileRef = 1F9A09A922974A9D00C1C3DA /* Assets.xcassets */; };
		1F9A09AD22974A9D00C1C3DA /* LaunchScreen.storyboard in Resources */ = {isa = PBXBuildFile; fileRef = 1F9A09AB22974A9D00C1C3DA /* LaunchScreen.storyboard */; };
		1F9A09C322974A9D00C1C3DA /* ActivityTimerUITests.swift in Sources */ = {isa = PBXBuildFile; fileRef = 1F9A09C222974A9D00C1C3DA /* ActivityTimerUITests.swift */; };
		1F9A09C822974A9D00C1C3DA /* ActivityTimer WatchKit App.app in Embed Watch Content */ = {isa = PBXBuildFile; fileRef = 1F9A09C722974A9D00C1C3DA /* ActivityTimer WatchKit App.app */; };
		1F9A09CE22974A9D00C1C3DA /* Interface.storyboard in Resources */ = {isa = PBXBuildFile; fileRef = 1F9A09CC22974A9D00C1C3DA /* Interface.storyboard */; };
		1F9A09D022974A9E00C1C3DA /* Assets.xcassets in Resources */ = {isa = PBXBuildFile; fileRef = 1F9A09CF22974A9E00C1C3DA /* Assets.xcassets */; };
		1F9A09D722974A9E00C1C3DA /* ActivityTimer WatchKit Extension.appex in Embed App Extensions */ = {isa = PBXBuildFile; fileRef = 1F9A09D622974A9E00C1C3DA /* ActivityTimer WatchKit Extension.appex */; settings = {ATTRIBUTES = (RemoveHeadersOnCopy, ); }; };
		1F9A09DC22974A9E00C1C3DA /* InterfaceController.swift in Sources */ = {isa = PBXBuildFile; fileRef = 1F9A09DB22974A9E00C1C3DA /* InterfaceController.swift */; };
		1F9A09DE22974A9E00C1C3DA /* ExtensionDelegate.swift in Sources */ = {isa = PBXBuildFile; fileRef = 1F9A09DD22974A9E00C1C3DA /* ExtensionDelegate.swift */; };
		1F9A09E022974A9E00C1C3DA /* NotificationController.swift in Sources */ = {isa = PBXBuildFile; fileRef = 1F9A09DF22974A9E00C1C3DA /* NotificationController.swift */; };
		1F9A09E222974A9F00C1C3DA /* Assets.xcassets in Resources */ = {isa = PBXBuildFile; fileRef = 1F9A09E122974A9F00C1C3DA /* Assets.xcassets */; };
		1F9A889822C412A200A27B43 /* ActivityOperationType.swift in Sources */ = {isa = PBXBuildFile; fileRef = 1F52A2A022C40F4700A962F1 /* ActivityOperationType.swift */; };
		1F9A889922C412A200A27B43 /* NSKeyedUnarchiverError.swift in Sources */ = {isa = PBXBuildFile; fileRef = 1F52A2A222C40F4F00A962F1 /* NSKeyedUnarchiverError.swift */; };
		1F9A889A22C412A200A27B43 /* NSKeyedUnarchivedExtension.swift in Sources */ = {isa = PBXBuildFile; fileRef = 1F52A2A522C40F5700A962F1 /* NSKeyedUnarchivedExtension.swift */; };
		1F9A889B22C412A200A27B43 /* OSLogExtension.swift in Sources */ = {isa = PBXBuildFile; fileRef = 1F52A2A422C40F5700A962F1 /* OSLogExtension.swift */; };
		1F9A889C22C412A200A27B43 /* WCSessionExtension.swift in Sources */ = {isa = PBXBuildFile; fileRef = 1F52A2A622C40F5700A962F1 /* WCSessionExtension.swift */; };
		1F9A889D22C412A200A27B43 /* WKAlertHelper.swift in Sources */ = {isa = PBXBuildFile; fileRef = 1F52A2AA22C40F5E00A962F1 /* WKAlertHelper.swift */; };
		1F9A889E22C412A200A27B43 /* ActivityModel.swift in Sources */ = {isa = PBXBuildFile; fileRef = 1F52A2AC22C40F6600A962F1 /* ActivityModel.swift */; };
		1F9A88A722C4170800A27B43 /* NSCoder.swift in Sources */ = {isa = PBXBuildFile; fileRef = 1FC0E41F22C3E95800490FC8 /* NSCoder.swift */; };
		1F9A88A822C4170800A27B43 /* NSKeyedArchiverExtension.swift in Sources */ = {isa = PBXBuildFile; fileRef = 1FC0E42122C3E95800490FC8 /* NSKeyedArchiverExtension.swift */; };
		1F9A88AD22C4170800A27B43 /* WCSessionExtension.swift in Sources */ = {isa = PBXBuildFile; fileRef = 1FC0E42022C3E95800490FC8 /* WCSessionExtension.swift */; };
		1F9A88B322C4180400A27B43 /* ActivityService.swift in Sources */ = {isa = PBXBuildFile; fileRef = 1FC0E41822C3E94100490FC8 /* ActivityService.swift */; };
		1F9A88B422C4180400A27B43 /* ActivityModel.swift in Sources */ = {isa = PBXBuildFile; fileRef = 1FC0E41A22C3E94B00490FC8 /* ActivityModel.swift */; };
		1F9A88B522C4180400A27B43 /* NSManagedObjectArrayExtension.swift in Sources */ = {isa = PBXBuildFile; fileRef = 1FC0E41C22C3E95800490FC8 /* NSManagedObjectArrayExtension.swift */; };
		1F9A88B622C4180400A27B43 /* NSManagedObjectContextExtension.swift in Sources */ = {isa = PBXBuildFile; fileRef = 1FC0E42222C3E95800490FC8 /* NSManagedObjectContextExtension.swift */; };
		1F9A88B722C4180400A27B43 /* NSManagedObjectExtension.swift in Sources */ = {isa = PBXBuildFile; fileRef = 1FC0E41D22C3E95800490FC8 /* NSManagedObjectExtension.swift */; };
		1F9A88B822C4180400A27B43 /* OSLogExtension.swift in Sources */ = {isa = PBXBuildFile; fileRef = 1FC0E41E22C3E95800490FC8 /* OSLogExtension.swift */; };
		1F9A88B922C4180400A27B43 /* ActivityOperationTypeError.swift in Sources */ = {isa = PBXBuildFile; fileRef = 1FC0E42A22C3E96A00490FC8 /* ActivityOperationTypeError.swift */; };
		1F9A88BA22C4180400A27B43 /* ServiceError.swift in Sources */ = {isa = PBXBuildFile; fileRef = 1FC0E42B22C3E96B00490FC8 /* ServiceError.swift */; };
		1F9A88BB22C4180400A27B43 /* ActivityOperationType.swift in Sources */ = {isa = PBXBuildFile; fileRef = 1FC0E42E22C3E97800490FC8 /* ActivityOperationType.swift */; };
		1F9A88C322C4186B00A27B43 /* ActivityServiceTests.swift in Sources */ = {isa = PBXBuildFile; fileRef = 1F12C2AA22C17D2A007919EE /* ActivityServiceTests.swift */; };
		1F9A88C422C4186B00A27B43 /* ActivityModelTests.swift in Sources */ = {isa = PBXBuildFile; fileRef = 1F574E3C22BC24060067F17E /* ActivityModelTests.swift */; };
		1F9A88C522C4186B00A27B43 /* NSManagedObjectArrayExtensionTests.swift in Sources */ = {isa = PBXBuildFile; fileRef = 1F574E3622BC233E0067F17E /* NSManagedObjectArrayExtensionTests.swift */; };
		1F9A88C622C4186B00A27B43 /* NSManagedObjectTests.swift in Sources */ = {isa = PBXBuildFile; fileRef = 1F574E3522BC233E0067F17E /* NSManagedObjectTests.swift */; };
		1F9A88C722C4186B00A27B43 /* WCSessionExtesionTests.swift in Sources */ = {isa = PBXBuildFile; fileRef = 1F9EDA1722BACD6600AE7EDE /* WCSessionExtesionTests.swift */; };
		1F9A88C822C4190100A27B43 /* ActivityService.swift in Sources */ = {isa = PBXBuildFile; fileRef = 1FC0E41822C3E94100490FC8 /* ActivityService.swift */; };
		1F9A88C922C4190100A27B43 /* ActivityModel.swift in Sources */ = {isa = PBXBuildFile; fileRef = 1FC0E41A22C3E94B00490FC8 /* ActivityModel.swift */; };
		1F9A88CA22C4190100A27B43 /* NSCoder.swift in Sources */ = {isa = PBXBuildFile; fileRef = 1FC0E41F22C3E95800490FC8 /* NSCoder.swift */; };
		1F9A88CB22C4190100A27B43 /* NSManagedObjectArrayExtension.swift in Sources */ = {isa = PBXBuildFile; fileRef = 1FC0E41C22C3E95800490FC8 /* NSManagedObjectArrayExtension.swift */; };
		1F9A88CC22C4190100A27B43 /* NSKeyedArchiverExtension.swift in Sources */ = {isa = PBXBuildFile; fileRef = 1FC0E42122C3E95800490FC8 /* NSKeyedArchiverExtension.swift */; };
		1F9A88CD22C4190100A27B43 /* NSManagedObjectContextExtension.swift in Sources */ = {isa = PBXBuildFile; fileRef = 1FC0E42222C3E95800490FC8 /* NSManagedObjectContextExtension.swift */; };
		1F9A88CE22C4190100A27B43 /* NSManagedObjectExtension.swift in Sources */ = {isa = PBXBuildFile; fileRef = 1FC0E41D22C3E95800490FC8 /* NSManagedObjectExtension.swift */; };
		1F9A88CF22C4190100A27B43 /* OSLogExtension.swift in Sources */ = {isa = PBXBuildFile; fileRef = 1FC0E41E22C3E95800490FC8 /* OSLogExtension.swift */; };
		1F9A88D022C4190100A27B43 /* WCSessionExtension.swift in Sources */ = {isa = PBXBuildFile; fileRef = 1FC0E42022C3E95800490FC8 /* WCSessionExtension.swift */; };
		1F9A88D122C4190100A27B43 /* ActivityOperationTypeError.swift in Sources */ = {isa = PBXBuildFile; fileRef = 1FC0E42A22C3E96A00490FC8 /* ActivityOperationTypeError.swift */; };
		1F9A88D222C4190100A27B43 /* ServiceError.swift in Sources */ = {isa = PBXBuildFile; fileRef = 1FC0E42B22C3E96B00490FC8 /* ServiceError.swift */; };
		1F9A88D322C4190100A27B43 /* ActivityOperationType.swift in Sources */ = {isa = PBXBuildFile; fileRef = 1FC0E42E22C3E97800490FC8 /* ActivityOperationType.swift */; };
		1F9A88D422C419ED00A27B43 /* ActivityService.swift in Sources */ = {isa = PBXBuildFile; fileRef = 1FC0E41822C3E94100490FC8 /* ActivityService.swift */; };
		1F9A88D522C419ED00A27B43 /* ActivityModel.swift in Sources */ = {isa = PBXBuildFile; fileRef = 1FC0E41A22C3E94B00490FC8 /* ActivityModel.swift */; };
		1F9A88D622C419ED00A27B43 /* NSCoder.swift in Sources */ = {isa = PBXBuildFile; fileRef = 1FC0E41F22C3E95800490FC8 /* NSCoder.swift */; };
		1F9A88D722C419ED00A27B43 /* NSManagedObjectArrayExtension.swift in Sources */ = {isa = PBXBuildFile; fileRef = 1FC0E41C22C3E95800490FC8 /* NSManagedObjectArrayExtension.swift */; };
		1F9A88D822C419ED00A27B43 /* NSKeyedArchiverExtension.swift in Sources */ = {isa = PBXBuildFile; fileRef = 1FC0E42122C3E95800490FC8 /* NSKeyedArchiverExtension.swift */; };
		1F9A88D922C419ED00A27B43 /* NSManagedObjectContextExtension.swift in Sources */ = {isa = PBXBuildFile; fileRef = 1FC0E42222C3E95800490FC8 /* NSManagedObjectContextExtension.swift */; };
		1F9A88DA22C419ED00A27B43 /* NSManagedObjectExtension.swift in Sources */ = {isa = PBXBuildFile; fileRef = 1FC0E41D22C3E95800490FC8 /* NSManagedObjectExtension.swift */; };
		1F9A88DB22C419ED00A27B43 /* OSLogExtension.swift in Sources */ = {isa = PBXBuildFile; fileRef = 1FC0E41E22C3E95800490FC8 /* OSLogExtension.swift */; };
		1F9A88DC22C419ED00A27B43 /* WCSessionExtension.swift in Sources */ = {isa = PBXBuildFile; fileRef = 1FC0E42022C3E95800490FC8 /* WCSessionExtension.swift */; };
		1F9A88DD22C419ED00A27B43 /* ActivityOperationTypeError.swift in Sources */ = {isa = PBXBuildFile; fileRef = 1FC0E42A22C3E96A00490FC8 /* ActivityOperationTypeError.swift */; };
		1F9A88DE22C419ED00A27B43 /* ServiceError.swift in Sources */ = {isa = PBXBuildFile; fileRef = 1FC0E42B22C3E96B00490FC8 /* ServiceError.swift */; };
		1F9A88DF22C419ED00A27B43 /* ActivityOperationType.swift in Sources */ = {isa = PBXBuildFile; fileRef = 1FC0E42E22C3E97800490FC8 /* ActivityOperationType.swift */; };
		1F9EDA1822BACD6600AE7EDE /* NSKeyedUnarchiverTests.swift in Sources */ = {isa = PBXBuildFile; fileRef = 1F9EDA1622BACD6600AE7EDE /* NSKeyedUnarchiverTests.swift */; };
		1F9EDA1C22BACD7500AE7EDE /* WCSessionExtensionMock.swift in Sources */ = {isa = PBXBuildFile; fileRef = 1F9EDA1A22BACD7500AE7EDE /* WCSessionExtensionMock.swift */; };
		1F9EDA1D22BACD7500AE7EDE /* NSKeyedUnarchiverMock.swift in Sources */ = {isa = PBXBuildFile; fileRef = 1F9EDA1B22BACD7500AE7EDE /* NSKeyedUnarchiverMock.swift */; };
		1FB5C4D022BBD81B00E9E803 /* AppDelegate.swift in Resources */ = {isa = PBXBuildFile; fileRef = 1F9A09A222974A9A00C1C3DA /* AppDelegate.swift */; };
		1FB5C4D322BC038900E9E803 /* CoreDataManager.swift in Sources */ = {isa = PBXBuildFile; fileRef = 1FB5C4D222BC038900E9E803 /* CoreDataManager.swift */; };
		1FB6AC3F2298827E001B7576 /* ActivityTableViewController.swift in Sources */ = {isa = PBXBuildFile; fileRef = 1FB6AC3E2298827E001B7576 /* ActivityTableViewController.swift */; };
		1FB6AC402298827E001B7576 /* ActivityTableViewController.swift in Sources */ = {isa = PBXBuildFile; fileRef = 1FB6AC3E2298827E001B7576 /* ActivityTableViewController.swift */; };
		1FB6AC42229883A1001B7576 /* ActivityTableViewCell.swift in Sources */ = {isa = PBXBuildFile; fileRef = 1FB6AC41229883A1001B7576 /* ActivityTableViewCell.swift */; };
		1FB6AC43229883A1001B7576 /* ActivityTableViewCell.swift in Sources */ = {isa = PBXBuildFile; fileRef = 1FB6AC41229883A1001B7576 /* ActivityTableViewCell.swift */; };
		1FC0E41922C3E94100490FC8 /* ActivityService.swift in Sources */ = {isa = PBXBuildFile; fileRef = 1FC0E41822C3E94100490FC8 /* ActivityService.swift */; };
		1FC0E41B22C3E94B00490FC8 /* ActivityModel.swift in Sources */ = {isa = PBXBuildFile; fileRef = 1FC0E41A22C3E94B00490FC8 /* ActivityModel.swift */; };
		1FC0E42322C3E95800490FC8 /* NSManagedObjectArrayExtension.swift in Sources */ = {isa = PBXBuildFile; fileRef = 1FC0E41C22C3E95800490FC8 /* NSManagedObjectArrayExtension.swift */; };
		1FC0E42422C3E95800490FC8 /* NSManagedObjectExtension.swift in Sources */ = {isa = PBXBuildFile; fileRef = 1FC0E41D22C3E95800490FC8 /* NSManagedObjectExtension.swift */; };
		1FC0E42522C3E95800490FC8 /* OSLogExtension.swift in Sources */ = {isa = PBXBuildFile; fileRef = 1FC0E41E22C3E95800490FC8 /* OSLogExtension.swift */; };
		1FC0E42622C3E95800490FC8 /* NSCoder.swift in Sources */ = {isa = PBXBuildFile; fileRef = 1FC0E41F22C3E95800490FC8 /* NSCoder.swift */; };
		1FC0E42722C3E95800490FC8 /* WCSessionExtension.swift in Sources */ = {isa = PBXBuildFile; fileRef = 1FC0E42022C3E95800490FC8 /* WCSessionExtension.swift */; };
		1FC0E42822C3E95800490FC8 /* NSKeyedArchiverExtension.swift in Sources */ = {isa = PBXBuildFile; fileRef = 1FC0E42122C3E95800490FC8 /* NSKeyedArchiverExtension.swift */; };
		1FC0E42922C3E95800490FC8 /* NSManagedObjectContextExtension.swift in Sources */ = {isa = PBXBuildFile; fileRef = 1FC0E42222C3E95800490FC8 /* NSManagedObjectContextExtension.swift */; };
		1FC0E42C22C3E96B00490FC8 /* ActivityOperationTypeError.swift in Sources */ = {isa = PBXBuildFile; fileRef = 1FC0E42A22C3E96A00490FC8 /* ActivityOperationTypeError.swift */; };
		1FC0E42D22C3E96B00490FC8 /* ServiceError.swift in Sources */ = {isa = PBXBuildFile; fileRef = 1FC0E42B22C3E96B00490FC8 /* ServiceError.swift */; };
		1FC0E42F22C3E97800490FC8 /* ActivityOperationType.swift in Sources */ = {isa = PBXBuildFile; fileRef = 1FC0E42E22C3E97800490FC8 /* ActivityOperationType.swift */; };
		1FD282A9229F14DF000EAF03 /* ActivityRowController.swift in Sources */ = {isa = PBXBuildFile; fileRef = 1FD282A8229F14DF000EAF03 /* ActivityRowController.swift */; };
/* End PBXBuildFile section */

/* Begin PBXContainerItemProxy section */
		1F9A09B422974A9D00C1C3DA /* PBXContainerItemProxy */ = {
			isa = PBXContainerItemProxy;
			containerPortal = 1F9A099722974A9A00C1C3DA /* Project object */;
			proxyType = 1;
			remoteGlobalIDString = 1F9A099E22974A9A00C1C3DA;
			remoteInfo = ActivityTimer;
		};
		1F9A09BF22974A9D00C1C3DA /* PBXContainerItemProxy */ = {
			isa = PBXContainerItemProxy;
			containerPortal = 1F9A099722974A9A00C1C3DA /* Project object */;
			proxyType = 1;
			remoteGlobalIDString = 1F9A099E22974A9A00C1C3DA;
			remoteInfo = ActivityTimer;
		};
		1F9A09C922974A9D00C1C3DA /* PBXContainerItemProxy */ = {
			isa = PBXContainerItemProxy;
			containerPortal = 1F9A099722974A9A00C1C3DA /* Project object */;
			proxyType = 1;
			remoteGlobalIDString = 1F9A09C622974A9D00C1C3DA;
			remoteInfo = "ActivityTimer WatchKit App";
		};
		1F9A889622C4128200A27B43 /* PBXContainerItemProxy */ = {
			isa = PBXContainerItemProxy;
			containerPortal = 1F9A099722974A9A00C1C3DA /* Project object */;
			proxyType = 1;
			remoteGlobalIDString = 1F52A29322C40ECE00A962F1;
			remoteInfo = WatchOSShared;
		};
/* End PBXContainerItemProxy section */

/* Begin PBXCopyFilesBuildPhase section */
		1F52A29222C40ECE00A962F1 /* CopyFiles */ = {
			isa = PBXCopyFilesBuildPhase;
			buildActionMask = 2147483647;
			dstPath = "include/$(PRODUCT_NAME)";
			dstSubfolderSpec = 16;
			files = (
			);
			runOnlyForDeploymentPostprocessing = 0;
		};
		1F9A09EA22974A9F00C1C3DA /* Embed App Extensions */ = {
			isa = PBXCopyFilesBuildPhase;
			buildActionMask = 2147483647;
			dstPath = "";
			dstSubfolderSpec = 13;
			files = (
				1F9A09D722974A9E00C1C3DA /* ActivityTimer WatchKit Extension.appex in Embed App Extensions */,
			);
			name = "Embed App Extensions";
			runOnlyForDeploymentPostprocessing = 0;
		};
		1F9A09EE22974A9F00C1C3DA /* Embed Watch Content */ = {
			isa = PBXCopyFilesBuildPhase;
			buildActionMask = 2147483647;
			dstPath = "$(CONTENTS_FOLDER_PATH)/Watch";
			dstSubfolderSpec = 16;
			files = (
				1F9A09C822974A9D00C1C3DA /* ActivityTimer WatchKit App.app in Embed Watch Content */,
			);
			name = "Embed Watch Content";
			runOnlyForDeploymentPostprocessing = 0;
		};
		1FC0E40A22C3E56600490FC8 /* CopyFiles */ = {
			isa = PBXCopyFilesBuildPhase;
			buildActionMask = 2147483647;
			dstPath = "include/$(PRODUCT_NAME)";
			dstSubfolderSpec = 16;
			files = (
			);
			runOnlyForDeploymentPostprocessing = 0;
		};
/* End PBXCopyFilesBuildPhase section */

/* Begin PBXFileReference section */
		1F12C2AA22C17D2A007919EE /* ActivityServiceTests.swift */ = {isa = PBXFileReference; fileEncoding = 4; lastKnownFileType = sourcecode.swift; path = ActivityServiceTests.swift; sourceTree = "<group>"; };
		1F30239B22C01A46004BE29B /* NSManagedObjectContextMock.swift */ = {isa = PBXFileReference; lastKnownFileType = sourcecode.swift; path = NSManagedObjectContextMock.swift; sourceTree = "<group>"; };
		1F30239E22C02530004BE29B /* ActivityTimerTestsError.swift */ = {isa = PBXFileReference; lastKnownFileType = sourcecode.swift; path = ActivityTimerTestsError.swift; sourceTree = "<group>"; };
		1F510FCB229C01E500B5C258 /* ActivityTimer.xcdatamodel */ = {isa = PBXFileReference; lastKnownFileType = wrapper.xcdatamodel; path = ActivityTimer.xcdatamodel; sourceTree = "<group>"; };
		1F52A29422C40ECE00A962F1 /* libWatchOSShared.a */ = {isa = PBXFileReference; explicitFileType = archive.ar; includeInIndex = 0; path = libWatchOSShared.a; sourceTree = BUILT_PRODUCTS_DIR; };
		1F52A2A022C40F4700A962F1 /* ActivityOperationType.swift */ = {isa = PBXFileReference; fileEncoding = 4; lastKnownFileType = sourcecode.swift; path = ActivityOperationType.swift; sourceTree = "<group>"; };
		1F52A2A222C40F4F00A962F1 /* NSKeyedUnarchiverError.swift */ = {isa = PBXFileReference; fileEncoding = 4; lastKnownFileType = sourcecode.swift; path = NSKeyedUnarchiverError.swift; sourceTree = "<group>"; };
		1F52A2A422C40F5700A962F1 /* OSLogExtension.swift */ = {isa = PBXFileReference; fileEncoding = 4; lastKnownFileType = sourcecode.swift; path = OSLogExtension.swift; sourceTree = "<group>"; };
		1F52A2A522C40F5700A962F1 /* NSKeyedUnarchivedExtension.swift */ = {isa = PBXFileReference; fileEncoding = 4; lastKnownFileType = sourcecode.swift; path = NSKeyedUnarchivedExtension.swift; sourceTree = "<group>"; };
		1F52A2A622C40F5700A962F1 /* WCSessionExtension.swift */ = {isa = PBXFileReference; fileEncoding = 4; lastKnownFileType = sourcecode.swift; path = WCSessionExtension.swift; sourceTree = "<group>"; };
		1F52A2AA22C40F5E00A962F1 /* WKAlertHelper.swift */ = {isa = PBXFileReference; fileEncoding = 4; lastKnownFileType = sourcecode.swift; path = WKAlertHelper.swift; sourceTree = "<group>"; };
		1F52A2AC22C40F6600A962F1 /* ActivityModel.swift */ = {isa = PBXFileReference; fileEncoding = 4; lastKnownFileType = sourcecode.swift; path = ActivityModel.swift; sourceTree = "<group>"; };
		1F574E2D22BC22A40067F17E /* ActivityModelTests.swift */ = {isa = PBXFileReference; lastKnownFileType = sourcecode.swift; path = ActivityModelTests.swift; sourceTree = "<group>"; };
		1F574E2F22BC22A40067F17E /* Info.plist */ = {isa = PBXFileReference; lastKnownFileType = text.plist.xml; path = Info.plist; sourceTree = "<group>"; };
		1F574E3522BC233E0067F17E /* NSManagedObjectTests.swift */ = {isa = PBXFileReference; fileEncoding = 4; lastKnownFileType = sourcecode.swift; path = NSManagedObjectTests.swift; sourceTree = "<group>"; };
		1F574E3622BC233E0067F17E /* NSManagedObjectArrayExtensionTests.swift */ = {isa = PBXFileReference; fileEncoding = 4; lastKnownFileType = sourcecode.swift; path = NSManagedObjectArrayExtensionTests.swift; sourceTree = "<group>"; };
		1F574E3C22BC24060067F17E /* ActivityModelTests.swift */ = {isa = PBXFileReference; fileEncoding = 4; lastKnownFileType = sourcecode.swift; path = ActivityModelTests.swift; sourceTree = "<group>"; };
		1F574E3E22BC27CC0067F17E /* NSCoderMock.swift */ = {isa = PBXFileReference; lastKnownFileType = sourcecode.swift; path = NSCoderMock.swift; sourceTree = "<group>"; };
		1F9A099F22974A9A00C1C3DA /* ActivityTimer.app */ = {isa = PBXFileReference; explicitFileType = wrapper.application; includeInIndex = 0; path = ActivityTimer.app; sourceTree = BUILT_PRODUCTS_DIR; };
		1F9A09A222974A9A00C1C3DA /* AppDelegate.swift */ = {isa = PBXFileReference; lastKnownFileType = sourcecode.swift; path = AppDelegate.swift; sourceTree = "<group>"; };
		1F9A09A422974A9A00C1C3DA /* ActivityFormViewController.swift */ = {isa = PBXFileReference; lastKnownFileType = sourcecode.swift; path = ActivityFormViewController.swift; sourceTree = "<group>"; };
		1F9A09A722974A9A00C1C3DA /* Base */ = {isa = PBXFileReference; lastKnownFileType = file.storyboard; name = Base; path = Base.lproj/Main.storyboard; sourceTree = "<group>"; };
		1F9A09A922974A9D00C1C3DA /* Assets.xcassets */ = {isa = PBXFileReference; lastKnownFileType = folder.assetcatalog; path = Assets.xcassets; sourceTree = "<group>"; };
		1F9A09AC22974A9D00C1C3DA /* Base */ = {isa = PBXFileReference; lastKnownFileType = file.storyboard; name = Base; path = Base.lproj/LaunchScreen.storyboard; sourceTree = "<group>"; };
		1F9A09AE22974A9D00C1C3DA /* Info.plist */ = {isa = PBXFileReference; lastKnownFileType = text.plist.xml; path = Info.plist; sourceTree = "<group>"; };
		1F9A09B322974A9D00C1C3DA /* ActivityTimerTests.xctest */ = {isa = PBXFileReference; explicitFileType = wrapper.cfbundle; includeInIndex = 0; path = ActivityTimerTests.xctest; sourceTree = BUILT_PRODUCTS_DIR; };
		1F9A09B922974A9D00C1C3DA /* Info.plist */ = {isa = PBXFileReference; lastKnownFileType = text.plist.xml; path = Info.plist; sourceTree = "<group>"; };
		1F9A09BE22974A9D00C1C3DA /* ActivityTimerUITests.xctest */ = {isa = PBXFileReference; explicitFileType = wrapper.cfbundle; includeInIndex = 0; path = ActivityTimerUITests.xctest; sourceTree = BUILT_PRODUCTS_DIR; };
		1F9A09C222974A9D00C1C3DA /* ActivityTimerUITests.swift */ = {isa = PBXFileReference; lastKnownFileType = sourcecode.swift; path = ActivityTimerUITests.swift; sourceTree = "<group>"; };
		1F9A09C422974A9D00C1C3DA /* Info.plist */ = {isa = PBXFileReference; lastKnownFileType = text.plist.xml; path = Info.plist; sourceTree = "<group>"; };
		1F9A09C722974A9D00C1C3DA /* ActivityTimer WatchKit App.app */ = {isa = PBXFileReference; explicitFileType = wrapper.application; includeInIndex = 0; path = "ActivityTimer WatchKit App.app"; sourceTree = BUILT_PRODUCTS_DIR; };
		1F9A09CD22974A9D00C1C3DA /* Base */ = {isa = PBXFileReference; lastKnownFileType = file.storyboard; name = Base; path = Base.lproj/Interface.storyboard; sourceTree = "<group>"; };
		1F9A09CF22974A9E00C1C3DA /* Assets.xcassets */ = {isa = PBXFileReference; lastKnownFileType = folder.assetcatalog; path = Assets.xcassets; sourceTree = "<group>"; };
		1F9A09D122974A9E00C1C3DA /* Info.plist */ = {isa = PBXFileReference; lastKnownFileType = text.plist.xml; path = Info.plist; sourceTree = "<group>"; };
		1F9A09D622974A9E00C1C3DA /* ActivityTimer WatchKit Extension.appex */ = {isa = PBXFileReference; explicitFileType = "wrapper.app-extension"; includeInIndex = 0; path = "ActivityTimer WatchKit Extension.appex"; sourceTree = BUILT_PRODUCTS_DIR; };
		1F9A09DB22974A9E00C1C3DA /* InterfaceController.swift */ = {isa = PBXFileReference; lastKnownFileType = sourcecode.swift; path = InterfaceController.swift; sourceTree = "<group>"; };
		1F9A09DD22974A9E00C1C3DA /* ExtensionDelegate.swift */ = {isa = PBXFileReference; lastKnownFileType = sourcecode.swift; path = ExtensionDelegate.swift; sourceTree = "<group>"; };
		1F9A09DF22974A9E00C1C3DA /* NotificationController.swift */ = {isa = PBXFileReference; lastKnownFileType = sourcecode.swift; path = NotificationController.swift; sourceTree = "<group>"; };
		1F9A09E122974A9F00C1C3DA /* Assets.xcassets */ = {isa = PBXFileReference; lastKnownFileType = folder.assetcatalog; path = Assets.xcassets; sourceTree = "<group>"; };
		1F9A09E322974A9F00C1C3DA /* Info.plist */ = {isa = PBXFileReference; lastKnownFileType = text.plist.xml; path = Info.plist; sourceTree = "<group>"; };
		1F9A09E422974A9F00C1C3DA /* PushNotificationPayload.apns */ = {isa = PBXFileReference; lastKnownFileType = text; path = PushNotificationPayload.apns; sourceTree = "<group>"; };
		1F9EDA1622BACD6600AE7EDE /* NSKeyedUnarchiverTests.swift */ = {isa = PBXFileReference; fileEncoding = 4; lastKnownFileType = sourcecode.swift; path = NSKeyedUnarchiverTests.swift; sourceTree = "<group>"; };
		1F9EDA1722BACD6600AE7EDE /* WCSessionExtesionTests.swift */ = {isa = PBXFileReference; fileEncoding = 4; lastKnownFileType = sourcecode.swift; path = WCSessionExtesionTests.swift; sourceTree = "<group>"; };
		1F9EDA1A22BACD7500AE7EDE /* WCSessionExtensionMock.swift */ = {isa = PBXFileReference; fileEncoding = 4; lastKnownFileType = sourcecode.swift; path = WCSessionExtensionMock.swift; sourceTree = "<group>"; };
		1F9EDA1B22BACD7500AE7EDE /* NSKeyedUnarchiverMock.swift */ = {isa = PBXFileReference; fileEncoding = 4; lastKnownFileType = sourcecode.swift; path = NSKeyedUnarchiverMock.swift; sourceTree = "<group>"; };
		1FB5C4D222BC038900E9E803 /* CoreDataManager.swift */ = {isa = PBXFileReference; lastKnownFileType = sourcecode.swift; path = CoreDataManager.swift; sourceTree = "<group>"; };
		1FB6AC382298784E001B7576 /* ActivityTimer.entitlements */ = {isa = PBXFileReference; lastKnownFileType = text.plist.entitlements; path = ActivityTimer.entitlements; sourceTree = "<group>"; };
		1FB6AC3E2298827E001B7576 /* ActivityTableViewController.swift */ = {isa = PBXFileReference; lastKnownFileType = sourcecode.swift; path = ActivityTableViewController.swift; sourceTree = "<group>"; };
		1FB6AC41229883A1001B7576 /* ActivityTableViewCell.swift */ = {isa = PBXFileReference; lastKnownFileType = sourcecode.swift; path = ActivityTableViewCell.swift; sourceTree = "<group>"; };
		1FC0E40C22C3E56600490FC8 /* libIOSShared.a */ = {isa = PBXFileReference; explicitFileType = archive.ar; includeInIndex = 0; path = libIOSShared.a; sourceTree = BUILT_PRODUCTS_DIR; };
		1FC0E41822C3E94100490FC8 /* ActivityService.swift */ = {isa = PBXFileReference; fileEncoding = 4; lastKnownFileType = sourcecode.swift; path = ActivityService.swift; sourceTree = "<group>"; };
		1FC0E41A22C3E94B00490FC8 /* ActivityModel.swift */ = {isa = PBXFileReference; fileEncoding = 4; lastKnownFileType = sourcecode.swift; path = ActivityModel.swift; sourceTree = "<group>"; };
		1FC0E41C22C3E95800490FC8 /* NSManagedObjectArrayExtension.swift */ = {isa = PBXFileReference; fileEncoding = 4; lastKnownFileType = sourcecode.swift; path = NSManagedObjectArrayExtension.swift; sourceTree = "<group>"; };
		1FC0E41D22C3E95800490FC8 /* NSManagedObjectExtension.swift */ = {isa = PBXFileReference; fileEncoding = 4; lastKnownFileType = sourcecode.swift; path = NSManagedObjectExtension.swift; sourceTree = "<group>"; };
		1FC0E41E22C3E95800490FC8 /* OSLogExtension.swift */ = {isa = PBXFileReference; fileEncoding = 4; lastKnownFileType = sourcecode.swift; path = OSLogExtension.swift; sourceTree = "<group>"; };
		1FC0E41F22C3E95800490FC8 /* NSCoder.swift */ = {isa = PBXFileReference; fileEncoding = 4; lastKnownFileType = sourcecode.swift; path = NSCoder.swift; sourceTree = "<group>"; };
		1FC0E42022C3E95800490FC8 /* WCSessionExtension.swift */ = {isa = PBXFileReference; fileEncoding = 4; lastKnownFileType = sourcecode.swift; path = WCSessionExtension.swift; sourceTree = "<group>"; };
		1FC0E42122C3E95800490FC8 /* NSKeyedArchiverExtension.swift */ = {isa = PBXFileReference; fileEncoding = 4; lastKnownFileType = sourcecode.swift; path = NSKeyedArchiverExtension.swift; sourceTree = "<group>"; };
		1FC0E42222C3E95800490FC8 /* NSManagedObjectContextExtension.swift */ = {isa = PBXFileReference; fileEncoding = 4; lastKnownFileType = sourcecode.swift; path = NSManagedObjectContextExtension.swift; sourceTree = "<group>"; };
		1FC0E42A22C3E96A00490FC8 /* ActivityOperationTypeError.swift */ = {isa = PBXFileReference; fileEncoding = 4; lastKnownFileType = sourcecode.swift; path = ActivityOperationTypeError.swift; sourceTree = "<group>"; };
		1FC0E42B22C3E96B00490FC8 /* ServiceError.swift */ = {isa = PBXFileReference; fileEncoding = 4; lastKnownFileType = sourcecode.swift; path = ServiceError.swift; sourceTree = "<group>"; };
		1FC0E42E22C3E97800490FC8 /* ActivityOperationType.swift */ = {isa = PBXFileReference; fileEncoding = 4; lastKnownFileType = sourcecode.swift; path = ActivityOperationType.swift; sourceTree = "<group>"; };
		1FD282A8229F14DF000EAF03 /* ActivityRowController.swift */ = {isa = PBXFileReference; lastKnownFileType = sourcecode.swift; path = ActivityRowController.swift; sourceTree = "<group>"; };
/* End PBXFileReference section */

/* Begin PBXFrameworksBuildPhase section */
		1F52A29122C40ECE00A962F1 /* Frameworks */ = {
			isa = PBXFrameworksBuildPhase;
			buildActionMask = 2147483647;
			files = (
			);
			runOnlyForDeploymentPostprocessing = 0;
		};
		1F9A099C22974A9A00C1C3DA /* Frameworks */ = {
			isa = PBXFrameworksBuildPhase;
			buildActionMask = 2147483647;
			files = (
			);
			runOnlyForDeploymentPostprocessing = 0;
		};
		1F9A09B022974A9D00C1C3DA /* Frameworks */ = {
			isa = PBXFrameworksBuildPhase;
			buildActionMask = 2147483647;
			files = (
			);
			runOnlyForDeploymentPostprocessing = 0;
		};
		1F9A09BB22974A9D00C1C3DA /* Frameworks */ = {
			isa = PBXFrameworksBuildPhase;
			buildActionMask = 2147483647;
			files = (
			);
			runOnlyForDeploymentPostprocessing = 0;
		};
		1F9A09D322974A9E00C1C3DA /* Frameworks */ = {
			isa = PBXFrameworksBuildPhase;
			buildActionMask = 2147483647;
			files = (
			);
			runOnlyForDeploymentPostprocessing = 0;
		};
		1FC0E40922C3E56600490FC8 /* Frameworks */ = {
			isa = PBXFrameworksBuildPhase;
			buildActionMask = 2147483647;
			files = (
			);
			runOnlyForDeploymentPostprocessing = 0;
		};
/* End PBXFrameworksBuildPhase section */

/* Begin PBXGroup section */
		1F300FA822BCFCD7007858E3 /* Services */ = {
			isa = PBXGroup;
			children = (
				1F12C2AA22C17D2A007919EE /* ActivityServiceTests.swift */,
			);
			path = Services;
			sourceTree = "<group>";
		};
		1F30239D22C02511004BE29B /* Errors */ = {
			isa = PBXGroup;
			children = (
				1F30239E22C02530004BE29B /* ActivityTimerTestsError.swift */,
			);
			path = Errors;
			sourceTree = "<group>";
		};
		1F510FDA229C88F700B5C258 /* Controllers */ = {
			isa = PBXGroup;
			children = (
				1FD282A8229F14DF000EAF03 /* ActivityRowController.swift */,
			);
			path = Controllers;
			sourceTree = "<group>";
		};
		1F52A29522C40ECE00A962F1 /* WatchOSShared */ = {
			isa = PBXGroup;
			children = (
				1F52A29F22C40EFD00A962F1 /* Enums */,
				1F52A29E22C40EF500A962F1 /* Errors */,
				1F52A29D22C40EEE00A962F1 /* Extensions */,
				1F52A29C22C40EE700A962F1 /* Helpers */,
				1F52A29B22C40EE000A962F1 /* Models */,
			);
			path = WatchOSShared;
			sourceTree = "<group>";
		};
		1F52A29B22C40EE000A962F1 /* Models */ = {
			isa = PBXGroup;
			children = (
				1F52A2AC22C40F6600A962F1 /* ActivityModel.swift */,
			);
			path = Models;
			sourceTree = "<group>";
		};
		1F52A29C22C40EE700A962F1 /* Helpers */ = {
			isa = PBXGroup;
			children = (
				1F52A2AA22C40F5E00A962F1 /* WKAlertHelper.swift */,
			);
			path = Helpers;
			sourceTree = "<group>";
		};
		1F52A29D22C40EEE00A962F1 /* Extensions */ = {
			isa = PBXGroup;
			children = (
				1F52A2A522C40F5700A962F1 /* NSKeyedUnarchivedExtension.swift */,
				1F52A2A422C40F5700A962F1 /* OSLogExtension.swift */,
				1F52A2A622C40F5700A962F1 /* WCSessionExtension.swift */,
			);
			path = Extensions;
			sourceTree = "<group>";
		};
		1F52A29E22C40EF500A962F1 /* Errors */ = {
			isa = PBXGroup;
			children = (
				1F52A2A222C40F4F00A962F1 /* NSKeyedUnarchiverError.swift */,
			);
			path = Errors;
			sourceTree = "<group>";
		};
		1F52A29F22C40EFD00A962F1 /* Enums */ = {
			isa = PBXGroup;
			children = (
				1F52A2A022C40F4700A962F1 /* ActivityOperationType.swift */,
			);
			path = Enums;
			sourceTree = "<group>";
		};
		1F574E2C22BC22A40067F17E /* ActivityModelTests */ = {
			isa = PBXGroup;
			children = (
				1F574E2D22BC22A40067F17E /* ActivityModelTests.swift */,
				1F574E2F22BC22A40067F17E /* Info.plist */,
			);
			path = ActivityModelTests;
			sourceTree = "<group>";
		};
		1F574E3922BC23BF0067F17E /* Models */ = {
			isa = PBXGroup;
			children = (
				1F574E3C22BC24060067F17E /* ActivityModelTests.swift */,
			);
			path = Models;
			sourceTree = "<group>";
		};
		1F9A099622974A9A00C1C3DA = {
			isa = PBXGroup;
			children = (
				1F9A09A122974A9A00C1C3DA /* ActivityTimer */,
				1F9A09B622974A9D00C1C3DA /* ActivityTimerTests */,
				1F9A09C122974A9D00C1C3DA /* ActivityTimerUITests */,
				1F9A09CB22974A9D00C1C3DA /* ActivityTimer WatchKit App */,
				1F9A09DA22974A9E00C1C3DA /* ActivityTimer WatchKit Extension */,
				1F574E2C22BC22A40067F17E /* ActivityModelTests */,
				1FC0E40D22C3E56700490FC8 /* IOSShared */,
				1F52A29522C40ECE00A962F1 /* WatchOSShared */,
				1F9A09A022974A9A00C1C3DA /* Products */,
				1FB6AC3922987A4F001B7576 /* Frameworks */,
			);
			sourceTree = "<group>";
		};
		1F9A09A022974A9A00C1C3DA /* Products */ = {
			isa = PBXGroup;
			children = (
				1F9A099F22974A9A00C1C3DA /* ActivityTimer.app */,
				1F9A09B322974A9D00C1C3DA /* ActivityTimerTests.xctest */,
				1F9A09BE22974A9D00C1C3DA /* ActivityTimerUITests.xctest */,
				1F9A09C722974A9D00C1C3DA /* ActivityTimer WatchKit App.app */,
				1F9A09D622974A9E00C1C3DA /* ActivityTimer WatchKit Extension.appex */,
				1FC0E40C22C3E56600490FC8 /* libIOSShared.a */,
				1F52A29422C40ECE00A962F1 /* libWatchOSShared.a */,
			);
			name = Products;
			sourceTree = "<group>";
		};
		1F9A09A122974A9A00C1C3DA /* ActivityTimer */ = {
			isa = PBXGroup;
			children = (
				1FB6AC3C2298822D001B7576 /* Controllers */,
				1FB6AC382298784E001B7576 /* ActivityTimer.entitlements */,
				1F9A09A222974A9A00C1C3DA /* AppDelegate.swift */,
				1F9A09A622974A9A00C1C3DA /* Main.storyboard */,
				1F9A09A922974A9D00C1C3DA /* Assets.xcassets */,
				1F9A09AB22974A9D00C1C3DA /* LaunchScreen.storyboard */,
				1F9A09AE22974A9D00C1C3DA /* Info.plist */,
				1F510FCA229C01E500B5C258 /* ActivityTimer.xcdatamodeld */,
			);
			path = ActivityTimer;
			sourceTree = "<group>";
		};
		1F9A09B622974A9D00C1C3DA /* ActivityTimerTests */ = {
			isa = PBXGroup;
			children = (
				1F30239D22C02511004BE29B /* Errors */,
				1FB5C4D122BBDC4000E9E803 /* Managers */,
				1F9EDA1122BACCA500AE7EDE /* IOS */,
				1FE5396522B6DCA5008DC81A /* Mocks */,
				1F9A09B922974A9D00C1C3DA /* Info.plist */,
			);
			path = ActivityTimerTests;
			sourceTree = "<group>";
		};
		1F9A09C122974A9D00C1C3DA /* ActivityTimerUITests */ = {
			isa = PBXGroup;
			children = (
				1F9A09C222974A9D00C1C3DA /* ActivityTimerUITests.swift */,
				1F9A09C422974A9D00C1C3DA /* Info.plist */,
			);
			path = ActivityTimerUITests;
			sourceTree = "<group>";
		};
		1F9A09CB22974A9D00C1C3DA /* ActivityTimer WatchKit App */ = {
			isa = PBXGroup;
			children = (
				1F9A09CC22974A9D00C1C3DA /* Interface.storyboard */,
				1F9A09CF22974A9E00C1C3DA /* Assets.xcassets */,
				1F9A09D122974A9E00C1C3DA /* Info.plist */,
			);
			path = "ActivityTimer WatchKit App";
			sourceTree = "<group>";
		};
		1F9A09DA22974A9E00C1C3DA /* ActivityTimer WatchKit Extension */ = {
			isa = PBXGroup;
			children = (
				1F510FDA229C88F700B5C258 /* Controllers */,
				1F9A09DB22974A9E00C1C3DA /* InterfaceController.swift */,
				1F9A09DD22974A9E00C1C3DA /* ExtensionDelegate.swift */,
				1F9A09DF22974A9E00C1C3DA /* NotificationController.swift */,
				1F9A09E122974A9F00C1C3DA /* Assets.xcassets */,
				1F9A09E322974A9F00C1C3DA /* Info.plist */,
				1F9A09E422974A9F00C1C3DA /* PushNotificationPayload.apns */,
			);
			path = "ActivityTimer WatchKit Extension";
			sourceTree = "<group>";
		};
		1F9EDA1122BACCA500AE7EDE /* IOS */ = {
			isa = PBXGroup;
			children = (
				1F9EDA1222BACCAE00AE7EDE /* IOSShared */,
			);
			path = IOS;
			sourceTree = "<group>";
		};
		1F9EDA1222BACCAE00AE7EDE /* IOSShared */ = {
			isa = PBXGroup;
			children = (
				1F9EDA1322BACCBC00AE7EDE /* IOSShared */,
			);
			path = IOSShared;
			sourceTree = "<group>";
		};
		1F9EDA1322BACCBC00AE7EDE /* IOSShared */ = {
			isa = PBXGroup;
			children = (
				1F300FA822BCFCD7007858E3 /* Services */,
				1F574E3922BC23BF0067F17E /* Models */,
				1F9EDA1422BACCC800AE7EDE /* Extensions */,
			);
			path = IOSShared;
			sourceTree = "<group>";
		};
		1F9EDA1422BACCC800AE7EDE /* Extensions */ = {
			isa = PBXGroup;
			children = (
				1F574E3622BC233E0067F17E /* NSManagedObjectArrayExtensionTests.swift */,
				1F574E3522BC233E0067F17E /* NSManagedObjectTests.swift */,
				1F9EDA1622BACD6600AE7EDE /* NSKeyedUnarchiverTests.swift */,
				1F9EDA1722BACD6600AE7EDE /* WCSessionExtesionTests.swift */,
			);
			path = Extensions;
			sourceTree = "<group>";
		};
		1F9EDA1522BACCF500AE7EDE /* IOS */ = {
			isa = PBXGroup;
			children = (
				1F9EDA1B22BACD7500AE7EDE /* NSKeyedUnarchiverMock.swift */,
				1F9EDA1A22BACD7500AE7EDE /* WCSessionExtensionMock.swift */,
				1F574E3E22BC27CC0067F17E /* NSCoderMock.swift */,
				1F30239B22C01A46004BE29B /* NSManagedObjectContextMock.swift */,
			);
			path = IOS;
			sourceTree = "<group>";
		};
		1FB5C4D122BBDC4000E9E803 /* Managers */ = {
			isa = PBXGroup;
			children = (
				1FB5C4D222BC038900E9E803 /* CoreDataManager.swift */,
			);
			path = Managers;
			sourceTree = "<group>";
		};
		1FB6AC3922987A4F001B7576 /* Frameworks */ = {
			isa = PBXGroup;
			children = (
			);
			name = Frameworks;
			sourceTree = "<group>";
		};
		1FB6AC3C2298822D001B7576 /* Controllers */ = {
			isa = PBXGroup;
			children = (
				1FB6AC3D2298823D001B7576 /* Activity */,
			);
			path = Controllers;
			sourceTree = "<group>";
		};
		1FB6AC3D2298823D001B7576 /* Activity */ = {
			isa = PBXGroup;
			children = (
				1F9A09A422974A9A00C1C3DA /* ActivityFormViewController.swift */,
				1FB6AC3E2298827E001B7576 /* ActivityTableViewController.swift */,
				1FB6AC41229883A1001B7576 /* ActivityTableViewCell.swift */,
			);
			path = Activity;
			sourceTree = "<group>";
		};
		1FC0E40D22C3E56700490FC8 /* IOSShared */ = {
			isa = PBXGroup;
			children = (
				1FC0E41722C3E8C300490FC8 /* Services */,
				1FC0E41622C3E8AA00490FC8 /* Models */,
				1FC0E41522C3E89C00490FC8 /* Extensions */,
				1FC0E41422C3E88900490FC8 /* Errors */,
				1FC0E41322C3E86F00490FC8 /* Enums */,
			);
			path = IOSShared;
			sourceTree = "<group>";
		};
		1FC0E41322C3E86F00490FC8 /* Enums */ = {
			isa = PBXGroup;
			children = (
				1FC0E42E22C3E97800490FC8 /* ActivityOperationType.swift */,
			);
			path = Enums;
			sourceTree = "<group>";
		};
		1FC0E41422C3E88900490FC8 /* Errors */ = {
			isa = PBXGroup;
			children = (
				1FC0E42A22C3E96A00490FC8 /* ActivityOperationTypeError.swift */,
				1FC0E42B22C3E96B00490FC8 /* ServiceError.swift */,
			);
			path = Errors;
			sourceTree = "<group>";
		};
		1FC0E41522C3E89C00490FC8 /* Extensions */ = {
			isa = PBXGroup;
			children = (
				1FC0E41F22C3E95800490FC8 /* NSCoder.swift */,
				1FC0E41C22C3E95800490FC8 /* NSManagedObjectArrayExtension.swift */,
				1FC0E42122C3E95800490FC8 /* NSKeyedArchiverExtension.swift */,
				1FC0E42222C3E95800490FC8 /* NSManagedObjectContextExtension.swift */,
				1FC0E41D22C3E95800490FC8 /* NSManagedObjectExtension.swift */,
				1FC0E41E22C3E95800490FC8 /* OSLogExtension.swift */,
				1FC0E42022C3E95800490FC8 /* WCSessionExtension.swift */,
			);
			path = Extensions;
			sourceTree = "<group>";
		};
		1FC0E41622C3E8AA00490FC8 /* Models */ = {
			isa = PBXGroup;
			children = (
				1FC0E41A22C3E94B00490FC8 /* ActivityModel.swift */,
			);
			path = Models;
			sourceTree = "<group>";
		};
		1FC0E41722C3E8C300490FC8 /* Services */ = {
			isa = PBXGroup;
			children = (
				1FC0E41822C3E94100490FC8 /* ActivityService.swift */,
			);
			path = Services;
			sourceTree = "<group>";
		};
		1FE5396522B6DCA5008DC81A /* Mocks */ = {
			isa = PBXGroup;
			children = (
				1F9EDA1522BACCF500AE7EDE /* IOS */,
			);
			path = Mocks;
			sourceTree = "<group>";
		};
/* End PBXGroup section */

/* Begin PBXNativeTarget section */
		1F52A29322C40ECE00A962F1 /* WatchOSShared */ = {
			isa = PBXNativeTarget;
			buildConfigurationList = 1F52A29822C40ECE00A962F1 /* Build configuration list for PBXNativeTarget "WatchOSShared" */;
			buildPhases = (
				1F52A29022C40ECE00A962F1 /* Sources */,
				1F52A29122C40ECE00A962F1 /* Frameworks */,
				1F52A29222C40ECE00A962F1 /* CopyFiles */,
			);
			buildRules = (
			);
			dependencies = (
			);
			name = WatchOSShared;
			productName = WatchOSShared2;
			productReference = 1F52A29422C40ECE00A962F1 /* libWatchOSShared.a */;
			productType = "com.apple.product-type.library.static";
		};
		1F9A099E22974A9A00C1C3DA /* ActivityTimer */ = {
			isa = PBXNativeTarget;
			buildConfigurationList = 1F9A09EF22974A9F00C1C3DA /* Build configuration list for PBXNativeTarget "ActivityTimer" */;
			buildPhases = (
				1F9A099B22974A9A00C1C3DA /* Sources */,
				1F9A099C22974A9A00C1C3DA /* Frameworks */,
				1F9A099D22974A9A00C1C3DA /* Resources */,
				1F9A09EE22974A9F00C1C3DA /* Embed Watch Content */,
			);
			buildRules = (
			);
			dependencies = (
				1F9A09CA22974A9D00C1C3DA /* PBXTargetDependency */,
			);
			name = ActivityTimer;
			productName = ActivityTimer;
			productReference = 1F9A099F22974A9A00C1C3DA /* ActivityTimer.app */;
			productType = "com.apple.product-type.application";
		};
		1F9A09B222974A9D00C1C3DA /* ActivityTimerTests */ = {
			isa = PBXNativeTarget;
			buildConfigurationList = 1F9A09F222974A9F00C1C3DA /* Build configuration list for PBXNativeTarget "ActivityTimerTests" */;
			buildPhases = (
				1F9A09AF22974A9D00C1C3DA /* Sources */,
				1F9A09B022974A9D00C1C3DA /* Frameworks */,
				1F9A09B122974A9D00C1C3DA /* Resources */,
			);
			buildRules = (
			);
			dependencies = (
				1F9A09B522974A9D00C1C3DA /* PBXTargetDependency */,
			);
			name = ActivityTimerTests;
			productName = ActivityTimerTests;
			productReference = 1F9A09B322974A9D00C1C3DA /* ActivityTimerTests.xctest */;
			productType = "com.apple.product-type.bundle.unit-test";
		};
		1F9A09BD22974A9D00C1C3DA /* ActivityTimerUITests */ = {
			isa = PBXNativeTarget;
			buildConfigurationList = 1F9A09F522974A9F00C1C3DA /* Build configuration list for PBXNativeTarget "ActivityTimerUITests" */;
			buildPhases = (
				1F9A09BA22974A9D00C1C3DA /* Sources */,
				1F9A09BB22974A9D00C1C3DA /* Frameworks */,
				1F9A09BC22974A9D00C1C3DA /* Resources */,
			);
			buildRules = (
			);
			dependencies = (
				1F9A09C022974A9D00C1C3DA /* PBXTargetDependency */,
			);
			name = ActivityTimerUITests;
			productName = ActivityTimerUITests;
			productReference = 1F9A09BE22974A9D00C1C3DA /* ActivityTimerUITests.xctest */;
			productType = "com.apple.product-type.bundle.ui-testing";
		};
		1F9A09C622974A9D00C1C3DA /* ActivityTimer WatchKit App */ = {
			isa = PBXNativeTarget;
			buildConfigurationList = 1F9A09EB22974A9F00C1C3DA /* Build configuration list for PBXNativeTarget "ActivityTimer WatchKit App" */;
			buildPhases = (
				1F9A09C522974A9D00C1C3DA /* Resources */,
				1F9A09EA22974A9F00C1C3DA /* Embed App Extensions */,
			);
			buildRules = (
			);
			dependencies = (
				1F9A889722C4128200A27B43 /* PBXTargetDependency */,
			);
			name = "ActivityTimer WatchKit App";
			productName = "ActivityTimer WatchKit App";
			productReference = 1F9A09C722974A9D00C1C3DA /* ActivityTimer WatchKit App.app */;
			productType = "com.apple.product-type.application.watchapp2";
		};
		1F9A09D522974A9E00C1C3DA /* ActivityTimer WatchKit Extension */ = {
			isa = PBXNativeTarget;
			buildConfigurationList = 1F9A09E722974A9F00C1C3DA /* Build configuration list for PBXNativeTarget "ActivityTimer WatchKit Extension" */;
			buildPhases = (
				1F9A09D222974A9E00C1C3DA /* Sources */,
				1F9A09D322974A9E00C1C3DA /* Frameworks */,
				1F9A09D422974A9E00C1C3DA /* Resources */,
			);
			buildRules = (
			);
			dependencies = (
			);
			name = "ActivityTimer WatchKit Extension";
			productName = "ActivityTimer WatchKit Extension";
			productReference = 1F9A09D622974A9E00C1C3DA /* ActivityTimer WatchKit Extension.appex */;
			productType = "com.apple.product-type.watchkit2-extension";
		};
		1FC0E40B22C3E56600490FC8 /* IOSShared */ = {
			isa = PBXNativeTarget;
			buildConfigurationList = 1FC0E41022C3E56700490FC8 /* Build configuration list for PBXNativeTarget "IOSShared" */;
			buildPhases = (
				1FC0E40822C3E56600490FC8 /* Sources */,
				1FC0E40922C3E56600490FC8 /* Frameworks */,
				1FC0E40A22C3E56600490FC8 /* CopyFiles */,
			);
			buildRules = (
			);
			dependencies = (
			);
			name = IOSShared;
			productName = IOSShared;
			productReference = 1FC0E40C22C3E56600490FC8 /* libIOSShared.a */;
			productType = "com.apple.product-type.library.static";
		};
/* End PBXNativeTarget section */

/* Begin PBXProject section */
		1F9A099722974A9A00C1C3DA /* Project object */ = {
			isa = PBXProject;
			attributes = {
				LastSwiftUpdateCheck = 1020;
				LastUpgradeCheck = 1020;
				ORGANIZATIONNAME = "Krzysztof Maraszkiewicz";
				TargetAttributes = {
					1F52A29322C40ECE00A962F1 = {
						CreatedOnToolsVersion = 10.2.1;
						LastSwiftMigration = 1020;
					};
					1F9A099E22974A9A00C1C3DA = {
						CreatedOnToolsVersion = 10.2.1;
						SystemCapabilities = {
							com.apple.Push = {
								enabled = 1;
							};
							com.apple.iCloud = {
								enabled = 0;
							};
						};
					};
					1F9A09B222974A9D00C1C3DA = {
						CreatedOnToolsVersion = 10.2.1;
					};
					1F9A09BD22974A9D00C1C3DA = {
						CreatedOnToolsVersion = 10.2.1;
						TestTargetID = 1F9A099E22974A9A00C1C3DA;
					};
					1F9A09C622974A9D00C1C3DA = {
						CreatedOnToolsVersion = 10.2.1;
					};
					1F9A09D522974A9E00C1C3DA = {
						CreatedOnToolsVersion = 10.2.1;
					};
					1FC0E40B22C3E56600490FC8 = {
						CreatedOnToolsVersion = 10.2.1;
					};
				};
			};
			buildConfigurationList = 1F9A099A22974A9A00C1C3DA /* Build configuration list for PBXProject "ActivityTimer" */;
			compatibilityVersion = "Xcode 9.3";
			developmentRegion = en;
			hasScannedForEncodings = 0;
			knownRegions = (
				en,
				Base,
			);
			mainGroup = 1F9A099622974A9A00C1C3DA;
			productRefGroup = 1F9A09A022974A9A00C1C3DA /* Products */;
			projectDirPath = "";
			projectRoot = "";
			targets = (
				1F9A099E22974A9A00C1C3DA /* ActivityTimer */,
				1F9A09B222974A9D00C1C3DA /* ActivityTimerTests */,
				1F9A09BD22974A9D00C1C3DA /* ActivityTimerUITests */,
				1F9A09C622974A9D00C1C3DA /* ActivityTimer WatchKit App */,
				1F9A09D522974A9E00C1C3DA /* ActivityTimer WatchKit Extension */,
				1FC0E40B22C3E56600490FC8 /* IOSShared */,
				1F52A29322C40ECE00A962F1 /* WatchOSShared */,
			);
		};
/* End PBXProject section */

/* Begin PBXResourcesBuildPhase section */
		1F9A099D22974A9A00C1C3DA /* Resources */ = {
			isa = PBXResourcesBuildPhase;
			buildActionMask = 2147483647;
			files = (
				1F9A09AD22974A9D00C1C3DA /* LaunchScreen.storyboard in Resources */,
				1F9A09AA22974A9D00C1C3DA /* Assets.xcassets in Resources */,
				1F9A09A822974A9A00C1C3DA /* Main.storyboard in Resources */,
			);
			runOnlyForDeploymentPostprocessing = 0;
		};
		1F9A09B122974A9D00C1C3DA /* Resources */ = {
			isa = PBXResourcesBuildPhase;
			buildActionMask = 2147483647;
			files = (
				1FB5C4D022BBD81B00E9E803 /* AppDelegate.swift in Resources */,
			);
			runOnlyForDeploymentPostprocessing = 0;
		};
		1F9A09BC22974A9D00C1C3DA /* Resources */ = {
			isa = PBXResourcesBuildPhase;
			buildActionMask = 2147483647;
			files = (
			);
			runOnlyForDeploymentPostprocessing = 0;
		};
		1F9A09C522974A9D00C1C3DA /* Resources */ = {
			isa = PBXResourcesBuildPhase;
			buildActionMask = 2147483647;
			files = (
				1F9A09D022974A9E00C1C3DA /* Assets.xcassets in Resources */,
				1F9A09CE22974A9D00C1C3DA /* Interface.storyboard in Resources */,
			);
			runOnlyForDeploymentPostprocessing = 0;
		};
		1F9A09D422974A9E00C1C3DA /* Resources */ = {
			isa = PBXResourcesBuildPhase;
			buildActionMask = 2147483647;
			files = (
				1F9A09E222974A9F00C1C3DA /* Assets.xcassets in Resources */,
			);
			runOnlyForDeploymentPostprocessing = 0;
		};
/* End PBXResourcesBuildPhase section */

/* Begin PBXSourcesBuildPhase section */
		1F52A29022C40ECE00A962F1 /* Sources */ = {
			isa = PBXSourcesBuildPhase;
			buildActionMask = 2147483647;
			files = (
				1F52A2AB22C40F5E00A962F1 /* WKAlertHelper.swift in Sources */,
				1F52A2A922C40F5700A962F1 /* WCSessionExtension.swift in Sources */,
				1F52A2A822C40F5700A962F1 /* NSKeyedUnarchivedExtension.swift in Sources */,
				1F52A2A722C40F5700A962F1 /* OSLogExtension.swift in Sources */,
				1F52A2A122C40F4700A962F1 /* ActivityOperationType.swift in Sources */,
				1F52A2AD22C40F6600A962F1 /* ActivityModel.swift in Sources */,
				1F52A2A322C40F4F00A962F1 /* NSKeyedUnarchiverError.swift in Sources */,
			);
			runOnlyForDeploymentPostprocessing = 0;
		};
		1F9A099B22974A9A00C1C3DA /* Sources */ = {
			isa = PBXSourcesBuildPhase;
			buildActionMask = 2147483647;
			files = (
				1F9A88D322C4190100A27B43 /* ActivityOperationType.swift in Sources */,
				1F9A09A522974A9A00C1C3DA /* ActivityFormViewController.swift in Sources */,
				1F9A09A322974A9A00C1C3DA /* AppDelegate.swift in Sources */,
				1F510FCC229C01E500B5C258 /* ActivityTimer.xcdatamodeld in Sources */,
				1F9A88CE22C4190100A27B43 /* NSManagedObjectExtension.swift in Sources */,
				1F9A88CD22C4190100A27B43 /* NSManagedObjectContextExtension.swift in Sources */,
				1FB6AC42229883A1001B7576 /* ActivityTableViewCell.swift in Sources */,
				1F9A88C822C4190100A27B43 /* ActivityService.swift in Sources */,
				1F9A88C922C4190100A27B43 /* ActivityModel.swift in Sources */,
				1F9A88D222C4190100A27B43 /* ServiceError.swift in Sources */,
				1F9A88CF22C4190100A27B43 /* OSLogExtension.swift in Sources */,
				1F9A88D122C4190100A27B43 /* ActivityOperationTypeError.swift in Sources */,
				1F9A88CB22C4190100A27B43 /* NSManagedObjectArrayExtension.swift in Sources */,
				1F9A88CC22C4190100A27B43 /* NSKeyedArchiverExtension.swift in Sources */,
				1F9A88CA22C4190100A27B43 /* NSCoder.swift in Sources */,
				1F9A88D022C4190100A27B43 /* WCSessionExtension.swift in Sources */,
				1FB6AC3F2298827E001B7576 /* ActivityTableViewController.swift in Sources */,
			);
			runOnlyForDeploymentPostprocessing = 0;
		};
		1F9A09AF22974A9D00C1C3DA /* Sources */ = {
			isa = PBXSourcesBuildPhase;
			buildActionMask = 2147483647;
			files = (
				1F9A88BA22C4180400A27B43 /* ServiceError.swift in Sources */,
				1F9A88BB22C4180400A27B43 /* ActivityOperationType.swift in Sources */,
				1F9A88C322C4186B00A27B43 /* ActivityServiceTests.swift in Sources */,
				1F9A88AD22C4170800A27B43 /* WCSessionExtension.swift in Sources */,
				1F9A88A722C4170800A27B43 /* NSCoder.swift in Sources */,
				1F574E3F22BC27CC0067F17E /* NSCoderMock.swift in Sources */,
				1F9A88A822C4170800A27B43 /* NSKeyedArchiverExtension.swift in Sources */,
				1F9A88C522C4186B00A27B43 /* NSManagedObjectArrayExtensionTests.swift in Sources */,
				1F9A88C422C4186B00A27B43 /* ActivityModelTests.swift in Sources */,
				1F30239F22C02530004BE29B /* ActivityTimerTestsError.swift in Sources */,
				1F9EDA1822BACD6600AE7EDE /* NSKeyedUnarchiverTests.swift in Sources */,
				1F9A88B822C4180400A27B43 /* OSLogExtension.swift in Sources */,
				1F12DEB222C29C3F005C5A27 /* ActivityTimer.xcdatamodeld in Sources */,
				1F9A88B622C4180400A27B43 /* NSManagedObjectContextExtension.swift in Sources */,
				1F9A88B722C4180400A27B43 /* NSManagedObjectExtension.swift in Sources */,
				1F9A88B322C4180400A27B43 /* ActivityService.swift in Sources */,
				1F9EDA1C22BACD7500AE7EDE /* WCSessionExtensionMock.swift in Sources */,
				1F9A88C722C4186B00A27B43 /* WCSessionExtesionTests.swift in Sources */,
				1F9A88B522C4180400A27B43 /* NSManagedObjectArrayExtension.swift in Sources */,
				1F035BCD22B92D5900CED93D /* AppDelegate.swift in Sources */,
				1F9A88B922C4180400A27B43 /* ActivityOperationTypeError.swift in Sources */,
				1F9EDA1D22BACD7500AE7EDE /* NSKeyedUnarchiverMock.swift in Sources */,
				1F30239C22C01A46004BE29B /* NSManagedObjectContextMock.swift in Sources */,
				1F9A88C622C4186B00A27B43 /* NSManagedObjectTests.swift in Sources */,
				1F9A88B422C4180400A27B43 /* ActivityModel.swift in Sources */,
				1FB5C4D322BC038900E9E803 /* CoreDataManager.swift in Sources */,
			);
			runOnlyForDeploymentPostprocessing = 0;
		};
		1F9A09BA22974A9D00C1C3DA /* Sources */ = {
			isa = PBXSourcesBuildPhase;
			buildActionMask = 2147483647;
			files = (
				1F9A88DF22C419ED00A27B43 /* ActivityOperationType.swift in Sources */,
				1FB6AC402298827E001B7576 /* ActivityTableViewController.swift in Sources */,
				1F9A09C322974A9D00C1C3DA /* ActivityTimerUITests.swift in Sources */,
				1F510FCF229C04A900B5C258 /* ActivityFormViewController.swift in Sources */,
				1F9A88DA22C419ED00A27B43 /* NSManagedObjectExtension.swift in Sources */,
				1F9A88D922C419ED00A27B43 /* NSManagedObjectContextExtension.swift in Sources */,
				1F035BCF22B92D8000CED93D /* AppDelegate.swift in Sources */,
				1F9A88D422C419ED00A27B43 /* ActivityService.swift in Sources */,
				1F9A88D522C419ED00A27B43 /* ActivityModel.swift in Sources */,
				1F9A88DE22C419ED00A27B43 /* ServiceError.swift in Sources */,
				1F9A88DB22C419ED00A27B43 /* OSLogExtension.swift in Sources */,
				1F9A88DD22C419ED00A27B43 /* ActivityOperationTypeError.swift in Sources */,
				1F9A88D722C419ED00A27B43 /* NSManagedObjectArrayExtension.swift in Sources */,
				1F9A88D822C419ED00A27B43 /* NSKeyedArchiverExtension.swift in Sources */,
				1F9A88D622C419ED00A27B43 /* NSCoder.swift in Sources */,
				1F9A88DC22C419ED00A27B43 /* WCSessionExtension.swift in Sources */,
				1FB6AC43229883A1001B7576 /* ActivityTableViewCell.swift in Sources */,
			);
			runOnlyForDeploymentPostprocessing = 0;
		};
		1F9A09D222974A9E00C1C3DA /* Sources */ = {
			isa = PBXSourcesBuildPhase;
			buildActionMask = 2147483647;
			files = (
				1F9A889822C412A200A27B43 /* ActivityOperationType.swift in Sources */,
				1F9A889922C412A200A27B43 /* NSKeyedUnarchiverError.swift in Sources */,
				1F9A889A22C412A200A27B43 /* NSKeyedUnarchivedExtension.swift in Sources */,
				1F9A889B22C412A200A27B43 /* OSLogExtension.swift in Sources */,
				1F9A889C22C412A200A27B43 /* WCSessionExtension.swift in Sources */,
				1F9A889D22C412A200A27B43 /* WKAlertHelper.swift in Sources */,
				1F9A889E22C412A200A27B43 /* ActivityModel.swift in Sources */,
				1FD282A9229F14DF000EAF03 /* ActivityRowController.swift in Sources */,
				1F9A09E022974A9E00C1C3DA /* NotificationController.swift in Sources */,
				1F9A09DE22974A9E00C1C3DA /* ExtensionDelegate.swift in Sources */,
				1F9A09DC22974A9E00C1C3DA /* InterfaceController.swift in Sources */,
			);
			runOnlyForDeploymentPostprocessing = 0;
		};
		1FC0E40822C3E56600490FC8 /* Sources */ = {
			isa = PBXSourcesBuildPhase;
			buildActionMask = 2147483647;
			files = (
				1FC0E42D22C3E96B00490FC8 /* ServiceError.swift in Sources */,
				1FC0E42522C3E95800490FC8 /* OSLogExtension.swift in Sources */,
				1FC0E41922C3E94100490FC8 /* ActivityService.swift in Sources */,
				1FC0E42622C3E95800490FC8 /* NSCoder.swift in Sources */,
				1FC0E42822C3E95800490FC8 /* NSKeyedArchiverExtension.swift in Sources */,
				1FC0E42C22C3E96B00490FC8 /* ActivityOperationTypeError.swift in Sources */,
				1FC0E42922C3E95800490FC8 /* NSManagedObjectContextExtension.swift in Sources */,
				1FC0E41B22C3E94B00490FC8 /* ActivityModel.swift in Sources */,
				1FC0E42F22C3E97800490FC8 /* ActivityOperationType.swift in Sources */,
				1FC0E42322C3E95800490FC8 /* NSManagedObjectArrayExtension.swift in Sources */,
				1FC0E42722C3E95800490FC8 /* WCSessionExtension.swift in Sources */,
				1FC0E42422C3E95800490FC8 /* NSManagedObjectExtension.swift in Sources */,
			);
			runOnlyForDeploymentPostprocessing = 0;
		};
/* End PBXSourcesBuildPhase section */

/* Begin PBXTargetDependency section */
		1F9A09B522974A9D00C1C3DA /* PBXTargetDependency */ = {
			isa = PBXTargetDependency;
			target = 1F9A099E22974A9A00C1C3DA /* ActivityTimer */;
			targetProxy = 1F9A09B422974A9D00C1C3DA /* PBXContainerItemProxy */;
		};
		1F9A09C022974A9D00C1C3DA /* PBXTargetDependency */ = {
			isa = PBXTargetDependency;
			target = 1F9A099E22974A9A00C1C3DA /* ActivityTimer */;
			targetProxy = 1F9A09BF22974A9D00C1C3DA /* PBXContainerItemProxy */;
		};
		1F9A09CA22974A9D00C1C3DA /* PBXTargetDependency */ = {
			isa = PBXTargetDependency;
			target = 1F9A09C622974A9D00C1C3DA /* ActivityTimer WatchKit App */;
			targetProxy = 1F9A09C922974A9D00C1C3DA /* PBXContainerItemProxy */;
		};
		1F9A889722C4128200A27B43 /* PBXTargetDependency */ = {
			isa = PBXTargetDependency;
			target = 1F52A29322C40ECE00A962F1 /* WatchOSShared */;
			targetProxy = 1F9A889622C4128200A27B43 /* PBXContainerItemProxy */;
		};
/* End PBXTargetDependency section */

/* Begin PBXVariantGroup section */
		1F9A09A622974A9A00C1C3DA /* Main.storyboard */ = {
			isa = PBXVariantGroup;
			children = (
				1F9A09A722974A9A00C1C3DA /* Base */,
			);
			name = Main.storyboard;
			sourceTree = "<group>";
		};
		1F9A09AB22974A9D00C1C3DA /* LaunchScreen.storyboard */ = {
			isa = PBXVariantGroup;
			children = (
				1F9A09AC22974A9D00C1C3DA /* Base */,
			);
			name = LaunchScreen.storyboard;
			sourceTree = "<group>";
		};
		1F9A09CC22974A9D00C1C3DA /* Interface.storyboard */ = {
			isa = PBXVariantGroup;
			children = (
				1F9A09CD22974A9D00C1C3DA /* Base */,
			);
			name = Interface.storyboard;
			sourceTree = "<group>";
		};
/* End PBXVariantGroup section */

/* Begin XCBuildConfiguration section */
		1F52A29922C40ECE00A962F1 /* Debug */ = {
			isa = XCBuildConfiguration;
			buildSettings = {
				CLANG_ENABLE_MODULES = YES;
				CODE_SIGN_STYLE = Automatic;
				DEVELOPMENT_TEAM = U88DLR87FV;
				LD_RUNPATH_SEARCH_PATHS = (
					"$(inherited)",
					"@executable_path/../Frameworks",
					"@loader_path/../Frameworks",
				);
				OTHER_LDFLAGS = "-ObjC";
				PRODUCT_NAME = "$(TARGET_NAME)";
				SDKROOT = watchos;
				SKIP_INSTALL = YES;
				SWIFT_OPTIMIZATION_LEVEL = "-Onone";
				SWIFT_VERSION = 5.0;
				TARGETED_DEVICE_FAMILY = 4;
				WATCHOS_DEPLOYMENT_TARGET = 5.2;
			};
			name = Debug;
		};
		1F52A29A22C40ECE00A962F1 /* Release */ = {
			isa = XCBuildConfiguration;
			buildSettings = {
				CLANG_ENABLE_MODULES = YES;
				CODE_SIGN_STYLE = Automatic;
				DEVELOPMENT_TEAM = U88DLR87FV;
				LD_RUNPATH_SEARCH_PATHS = (
					"$(inherited)",
					"@executable_path/../Frameworks",
					"@loader_path/../Frameworks",
				);
				OTHER_LDFLAGS = "-ObjC";
				PRODUCT_NAME = "$(TARGET_NAME)";
				SDKROOT = watchos;
				SKIP_INSTALL = YES;
				SWIFT_VERSION = 5.0;
				TARGETED_DEVICE_FAMILY = 4;
				WATCHOS_DEPLOYMENT_TARGET = 5.2;
			};
			name = Release;
		};
		1F9A09E522974A9F00C1C3DA /* Debug */ = {
			isa = XCBuildConfiguration;
			buildSettings = {
				ALWAYS_SEARCH_USER_PATHS = NO;
				CLANG_ANALYZER_NONNULL = YES;
				CLANG_ANALYZER_NUMBER_OBJECT_CONVERSION = YES_AGGRESSIVE;
				CLANG_CXX_LANGUAGE_STANDARD = "gnu++14";
				CLANG_CXX_LIBRARY = "libc++";
				CLANG_ENABLE_MODULES = YES;
				CLANG_ENABLE_OBJC_ARC = YES;
				CLANG_ENABLE_OBJC_WEAK = YES;
				CLANG_WARN_BLOCK_CAPTURE_AUTORELEASING = YES;
				CLANG_WARN_BOOL_CONVERSION = YES;
				CLANG_WARN_COMMA = YES;
				CLANG_WARN_CONSTANT_CONVERSION = YES;
				CLANG_WARN_DEPRECATED_OBJC_IMPLEMENTATIONS = YES;
				CLANG_WARN_DIRECT_OBJC_ISA_USAGE = YES_ERROR;
				CLANG_WARN_DOCUMENTATION_COMMENTS = YES;
				CLANG_WARN_EMPTY_BODY = YES;
				CLANG_WARN_ENUM_CONVERSION = YES;
				CLANG_WARN_INFINITE_RECURSION = YES;
				CLANG_WARN_INT_CONVERSION = YES;
				CLANG_WARN_NON_LITERAL_NULL_CONVERSION = YES;
				CLANG_WARN_OBJC_IMPLICIT_RETAIN_SELF = YES;
				CLANG_WARN_OBJC_LITERAL_CONVERSION = YES;
				CLANG_WARN_OBJC_ROOT_CLASS = YES_ERROR;
				CLANG_WARN_RANGE_LOOP_ANALYSIS = YES;
				CLANG_WARN_STRICT_PROTOTYPES = YES;
				CLANG_WARN_SUSPICIOUS_MOVE = YES;
				CLANG_WARN_UNGUARDED_AVAILABILITY = YES_AGGRESSIVE;
				CLANG_WARN_UNREACHABLE_CODE = YES;
				CLANG_WARN__DUPLICATE_METHOD_MATCH = YES;
				CODE_SIGN_IDENTITY = "iPhone Developer";
				COPY_PHASE_STRIP = NO;
				DEBUG_INFORMATION_FORMAT = dwarf;
				ENABLE_STRICT_OBJC_MSGSEND = YES;
				ENABLE_TESTABILITY = YES;
				GCC_C_LANGUAGE_STANDARD = gnu11;
				GCC_DYNAMIC_NO_PIC = NO;
				GCC_NO_COMMON_BLOCKS = YES;
				GCC_OPTIMIZATION_LEVEL = 0;
				GCC_PREPROCESSOR_DEFINITIONS = (
					"DEBUG=1",
					"$(inherited)",
				);
				GCC_WARN_64_TO_32_BIT_CONVERSION = YES;
				GCC_WARN_ABOUT_RETURN_TYPE = YES_ERROR;
				GCC_WARN_UNDECLARED_SELECTOR = YES;
				GCC_WARN_UNINITIALIZED_AUTOS = YES_AGGRESSIVE;
				GCC_WARN_UNUSED_FUNCTION = YES;
				GCC_WARN_UNUSED_VARIABLE = YES;
				IPHONEOS_DEPLOYMENT_TARGET = 12.2;
				MTL_ENABLE_DEBUG_INFO = INCLUDE_SOURCE;
				MTL_FAST_MATH = YES;
				ONLY_ACTIVE_ARCH = YES;
				SDKROOT = iphoneos;
				SWIFT_ACTIVE_COMPILATION_CONDITIONS = DEBUG;
				SWIFT_OPTIMIZATION_LEVEL = "-Onone";
			};
			name = Debug;
		};
		1F9A09E622974A9F00C1C3DA /* Release */ = {
			isa = XCBuildConfiguration;
			buildSettings = {
				ALWAYS_SEARCH_USER_PATHS = NO;
				CLANG_ANALYZER_NONNULL = YES;
				CLANG_ANALYZER_NUMBER_OBJECT_CONVERSION = YES_AGGRESSIVE;
				CLANG_CXX_LANGUAGE_STANDARD = "gnu++14";
				CLANG_CXX_LIBRARY = "libc++";
				CLANG_ENABLE_MODULES = YES;
				CLANG_ENABLE_OBJC_ARC = YES;
				CLANG_ENABLE_OBJC_WEAK = YES;
				CLANG_WARN_BLOCK_CAPTURE_AUTORELEASING = YES;
				CLANG_WARN_BOOL_CONVERSION = YES;
				CLANG_WARN_COMMA = YES;
				CLANG_WARN_CONSTANT_CONVERSION = YES;
				CLANG_WARN_DEPRECATED_OBJC_IMPLEMENTATIONS = YES;
				CLANG_WARN_DIRECT_OBJC_ISA_USAGE = YES_ERROR;
				CLANG_WARN_DOCUMENTATION_COMMENTS = YES;
				CLANG_WARN_EMPTY_BODY = YES;
				CLANG_WARN_ENUM_CONVERSION = YES;
				CLANG_WARN_INFINITE_RECURSION = YES;
				CLANG_WARN_INT_CONVERSION = YES;
				CLANG_WARN_NON_LITERAL_NULL_CONVERSION = YES;
				CLANG_WARN_OBJC_IMPLICIT_RETAIN_SELF = YES;
				CLANG_WARN_OBJC_LITERAL_CONVERSION = YES;
				CLANG_WARN_OBJC_ROOT_CLASS = YES_ERROR;
				CLANG_WARN_RANGE_LOOP_ANALYSIS = YES;
				CLANG_WARN_STRICT_PROTOTYPES = YES;
				CLANG_WARN_SUSPICIOUS_MOVE = YES;
				CLANG_WARN_UNGUARDED_AVAILABILITY = YES_AGGRESSIVE;
				CLANG_WARN_UNREACHABLE_CODE = YES;
				CLANG_WARN__DUPLICATE_METHOD_MATCH = YES;
				CODE_SIGN_IDENTITY = "iPhone Developer";
				COPY_PHASE_STRIP = NO;
				DEBUG_INFORMATION_FORMAT = "dwarf-with-dsym";
				ENABLE_NS_ASSERTIONS = NO;
				ENABLE_STRICT_OBJC_MSGSEND = YES;
				GCC_C_LANGUAGE_STANDARD = gnu11;
				GCC_NO_COMMON_BLOCKS = YES;
				GCC_WARN_64_TO_32_BIT_CONVERSION = YES;
				GCC_WARN_ABOUT_RETURN_TYPE = YES_ERROR;
				GCC_WARN_UNDECLARED_SELECTOR = YES;
				GCC_WARN_UNINITIALIZED_AUTOS = YES_AGGRESSIVE;
				GCC_WARN_UNUSED_FUNCTION = YES;
				GCC_WARN_UNUSED_VARIABLE = YES;
				IPHONEOS_DEPLOYMENT_TARGET = 12.2;
				MTL_ENABLE_DEBUG_INFO = NO;
				MTL_FAST_MATH = YES;
				SDKROOT = iphoneos;
				SWIFT_COMPILATION_MODE = wholemodule;
				SWIFT_OPTIMIZATION_LEVEL = "-O";
				VALIDATE_PRODUCT = YES;
			};
			name = Release;
		};
		1F9A09E822974A9F00C1C3DA /* Debug */ = {
			isa = XCBuildConfiguration;
			buildSettings = {
				ASSETCATALOG_COMPILER_COMPLICATION_NAME = Complication;
				CODE_SIGN_STYLE = Automatic;
				DEVELOPMENT_TEAM = U88DLR87FV;
				INFOPLIST_FILE = "ActivityTimer WatchKit Extension/Info.plist";
				LD_RUNPATH_SEARCH_PATHS = (
					"$(inherited)",
					"@executable_path/Frameworks",
					"@executable_path/../../Frameworks",
				);
				PRODUCT_BUNDLE_IDENTIFIER = com.kmaraszkieiwcz86.ActivityTimer.watchkitapp.watchkitextension;
				PRODUCT_NAME = "${TARGET_NAME}";
				SDKROOT = watchos;
				SKIP_INSTALL = YES;
				SWIFT_VERSION = 5.0;
				TARGETED_DEVICE_FAMILY = 4;
				WATCHOS_DEPLOYMENT_TARGET = 5.2;
			};
			name = Debug;
		};
		1F9A09E922974A9F00C1C3DA /* Release */ = {
			isa = XCBuildConfiguration;
			buildSettings = {
				ASSETCATALOG_COMPILER_COMPLICATION_NAME = Complication;
				CODE_SIGN_STYLE = Automatic;
				DEVELOPMENT_TEAM = U88DLR87FV;
				INFOPLIST_FILE = "ActivityTimer WatchKit Extension/Info.plist";
				LD_RUNPATH_SEARCH_PATHS = (
					"$(inherited)",
					"@executable_path/Frameworks",
					"@executable_path/../../Frameworks",
				);
				PRODUCT_BUNDLE_IDENTIFIER = com.kmaraszkieiwcz86.ActivityTimer.watchkitapp.watchkitextension;
				PRODUCT_NAME = "${TARGET_NAME}";
				SDKROOT = watchos;
				SKIP_INSTALL = YES;
				SWIFT_VERSION = 5.0;
				TARGETED_DEVICE_FAMILY = 4;
				WATCHOS_DEPLOYMENT_TARGET = 5.2;
			};
			name = Release;
		};
		1F9A09EC22974A9F00C1C3DA /* Debug */ = {
			isa = XCBuildConfiguration;
			buildSettings = {
				ALWAYS_EMBED_SWIFT_STANDARD_LIBRARIES = YES;
				ASSETCATALOG_COMPILER_APPICON_NAME = AppIcon;
				CODE_SIGN_STYLE = Automatic;
				DEVELOPMENT_TEAM = U88DLR87FV;
				IBSC_MODULE = ActivityTimer_WatchKit_Extension;
				INFOPLIST_FILE = "ActivityTimer WatchKit App/Info.plist";
				PRODUCT_BUNDLE_IDENTIFIER = com.kmaraszkieiwcz86.ActivityTimer.watchkitapp;
				PRODUCT_NAME = "$(TARGET_NAME)";
				SDKROOT = watchos;
				SKIP_INSTALL = YES;
				SWIFT_VERSION = 5.0;
				TARGETED_DEVICE_FAMILY = 4;
				WATCHOS_DEPLOYMENT_TARGET = 5.2;
			};
			name = Debug;
		};
		1F9A09ED22974A9F00C1C3DA /* Release */ = {
			isa = XCBuildConfiguration;
			buildSettings = {
				ALWAYS_EMBED_SWIFT_STANDARD_LIBRARIES = YES;
				ASSETCATALOG_COMPILER_APPICON_NAME = AppIcon;
				CODE_SIGN_STYLE = Automatic;
				DEVELOPMENT_TEAM = U88DLR87FV;
				IBSC_MODULE = ActivityTimer_WatchKit_Extension;
				INFOPLIST_FILE = "ActivityTimer WatchKit App/Info.plist";
				PRODUCT_BUNDLE_IDENTIFIER = com.kmaraszkieiwcz86.ActivityTimer.watchkitapp;
				PRODUCT_NAME = "$(TARGET_NAME)";
				SDKROOT = watchos;
				SKIP_INSTALL = YES;
				SWIFT_VERSION = 5.0;
				TARGETED_DEVICE_FAMILY = 4;
				WATCHOS_DEPLOYMENT_TARGET = 5.2;
			};
			name = Release;
		};
		1F9A09F022974A9F00C1C3DA /* Debug */ = {
			isa = XCBuildConfiguration;
			buildSettings = {
				ASSETCATALOG_COMPILER_APPICON_NAME = AppIcon;
				CODE_SIGN_ENTITLEMENTS = ActivityTimer/ActivityTimer.entitlements;
				CODE_SIGN_IDENTITY = "iPhone Developer";
				CODE_SIGN_STYLE = Automatic;
				DEVELOPMENT_TEAM = U88DLR87FV;
				INFOPLIST_FILE = ActivityTimer/Info.plist;
				LD_RUNPATH_SEARCH_PATHS = (
					"$(inherited)",
					"@executable_path/Frameworks",
				);
				PRODUCT_BUNDLE_IDENTIFIER = com.kmaraszkieiwcz86.ActivityTimer;
				PRODUCT_NAME = "$(TARGET_NAME)";
				PROVISIONING_PROFILE_SPECIFIER = "";
				SWIFT_VERSION = 5.0;
				TARGETED_DEVICE_FAMILY = "1,2";
			};
			name = Debug;
		};
		1F9A09F122974A9F00C1C3DA /* Release */ = {
			isa = XCBuildConfiguration;
			buildSettings = {
				ASSETCATALOG_COMPILER_APPICON_NAME = AppIcon;
				CODE_SIGN_ENTITLEMENTS = ActivityTimer/ActivityTimer.entitlements;
				CODE_SIGN_IDENTITY = "iPhone Developer";
				CODE_SIGN_STYLE = Automatic;
				DEVELOPMENT_TEAM = U88DLR87FV;
				INFOPLIST_FILE = ActivityTimer/Info.plist;
				LD_RUNPATH_SEARCH_PATHS = (
					"$(inherited)",
					"@executable_path/Frameworks",
				);
				PRODUCT_BUNDLE_IDENTIFIER = com.kmaraszkieiwcz86.ActivityTimer;
				PRODUCT_NAME = "$(TARGET_NAME)";
				PROVISIONING_PROFILE_SPECIFIER = "";
				SWIFT_VERSION = 5.0;
				TARGETED_DEVICE_FAMILY = "1,2";
			};
			name = Release;
		};
		1F9A09F322974A9F00C1C3DA /* Debug */ = {
			isa = XCBuildConfiguration;
			buildSettings = {
				ALWAYS_EMBED_SWIFT_STANDARD_LIBRARIES = YES;
				CODE_SIGN_STYLE = Automatic;
				DEVELOPMENT_TEAM = U88DLR87FV;
				INFOPLIST_FILE = ActivityTimerTests/Info.plist;
				LD_RUNPATH_SEARCH_PATHS = (
					"$(inherited)",
					"@executable_path/Frameworks",
					"@loader_path/Frameworks",
				);
				PRODUCT_BUNDLE_IDENTIFIER = com.kmaraszkieiwcz86.ActivityTimerTests;
				PRODUCT_NAME = "$(TARGET_NAME)";
				SWIFT_VERSION = 5.0;
				TARGETED_DEVICE_FAMILY = "1,2";
			};
			name = Debug;
		};
		1F9A09F422974A9F00C1C3DA /* Release */ = {
			isa = XCBuildConfiguration;
			buildSettings = {
				ALWAYS_EMBED_SWIFT_STANDARD_LIBRARIES = YES;
				CODE_SIGN_STYLE = Automatic;
				DEVELOPMENT_TEAM = U88DLR87FV;
				INFOPLIST_FILE = ActivityTimerTests/Info.plist;
				LD_RUNPATH_SEARCH_PATHS = (
					"$(inherited)",
					"@executable_path/Frameworks",
					"@loader_path/Frameworks",
				);
				PRODUCT_BUNDLE_IDENTIFIER = com.kmaraszkieiwcz86.ActivityTimerTests;
				PRODUCT_NAME = "$(TARGET_NAME)";
				SWIFT_VERSION = 5.0;
				TARGETED_DEVICE_FAMILY = "1,2";
			};
			name = Release;
		};
		1F9A09F622974A9F00C1C3DA /* Debug */ = {
			isa = XCBuildConfiguration;
			buildSettings = {
				ALWAYS_EMBED_SWIFT_STANDARD_LIBRARIES = YES;
				CODE_SIGN_STYLE = Automatic;
				DEVELOPMENT_TEAM = U88DLR87FV;
				INFOPLIST_FILE = ActivityTimerUITests/Info.plist;
				LD_RUNPATH_SEARCH_PATHS = (
					"$(inherited)",
					"@executable_path/Frameworks",
					"@loader_path/Frameworks",
				);
				PRODUCT_BUNDLE_IDENTIFIER = com.kmaraszkieiwcz86.ActivityTimerUITests;
				PRODUCT_NAME = "$(TARGET_NAME)";
				SWIFT_VERSION = 5.0;
				TARGETED_DEVICE_FAMILY = "1,2";
				TEST_TARGET_NAME = ActivityTimer;
			};
			name = Debug;
		};
		1F9A09F722974A9F00C1C3DA /* Release */ = {
			isa = XCBuildConfiguration;
			buildSettings = {
				ALWAYS_EMBED_SWIFT_STANDARD_LIBRARIES = YES;
				CODE_SIGN_STYLE = Automatic;
				DEVELOPMENT_TEAM = U88DLR87FV;
				INFOPLIST_FILE = ActivityTimerUITests/Info.plist;
				LD_RUNPATH_SEARCH_PATHS = (
					"$(inherited)",
					"@executable_path/Frameworks",
					"@loader_path/Frameworks",
				);
				PRODUCT_BUNDLE_IDENTIFIER = com.kmaraszkieiwcz86.ActivityTimerUITests;
				PRODUCT_NAME = "$(TARGET_NAME)";
				SWIFT_VERSION = 5.0;
				TARGETED_DEVICE_FAMILY = "1,2";
				TEST_TARGET_NAME = ActivityTimer;
			};
			name = Release;
		};
		1FC0E41122C3E56700490FC8 /* Debug */ = {
			isa = XCBuildConfiguration;
			buildSettings = {
				CODE_SIGN_STYLE = Automatic;
				DEVELOPMENT_TEAM = U88DLR87FV;
				OTHER_LDFLAGS = "-ObjC";
				PRODUCT_NAME = "$(TARGET_NAME)";
				SKIP_INSTALL = YES;
				SWIFT_VERSION = 5.0;
				TARGETED_DEVICE_FAMILY = "1,2";
			};
			name = Debug;
		};
		1FC0E41222C3E56700490FC8 /* Release */ = {
			isa = XCBuildConfiguration;
			buildSettings = {
				CODE_SIGN_STYLE = Automatic;
				DEVELOPMENT_TEAM = U88DLR87FV;
				OTHER_LDFLAGS = "-ObjC";
				PRODUCT_NAME = "$(TARGET_NAME)";
				SKIP_INSTALL = YES;
				SWIFT_VERSION = 5.0;
				TARGETED_DEVICE_FAMILY = "1,2";
			};
			name = Release;
		};
/* End XCBuildConfiguration section */

/* Begin XCConfigurationList section */
		1F52A29822C40ECE00A962F1 /* Build configuration list for PBXNativeTarget "WatchOSShared" */ = {
			isa = XCConfigurationList;
			buildConfigurations = (
				1F52A29922C40ECE00A962F1 /* Debug */,
				1F52A29A22C40ECE00A962F1 /* Release */,
			);
			defaultConfigurationIsVisible = 0;
			defaultConfigurationName = Release;
		};
		1F9A099A22974A9A00C1C3DA /* Build configuration list for PBXProject "ActivityTimer" */ = {
			isa = XCConfigurationList;
			buildConfigurations = (
				1F9A09E522974A9F00C1C3DA /* Debug */,
				1F9A09E622974A9F00C1C3DA /* Release */,
			);
			defaultConfigurationIsVisible = 0;
			defaultConfigurationName = Release;
		};
		1F9A09E722974A9F00C1C3DA /* Build configuration list for PBXNativeTarget "ActivityTimer WatchKit Extension" */ = {
			isa = XCConfigurationList;
			buildConfigurations = (
				1F9A09E822974A9F00C1C3DA /* Debug */,
				1F9A09E922974A9F00C1C3DA /* Release */,
			);
			defaultConfigurationIsVisible = 0;
			defaultConfigurationName = Release;
		};
		1F9A09EB22974A9F00C1C3DA /* Build configuration list for PBXNativeTarget "ActivityTimer WatchKit App" */ = {
			isa = XCConfigurationList;
			buildConfigurations = (
				1F9A09EC22974A9F00C1C3DA /* Debug */,
				1F9A09ED22974A9F00C1C3DA /* Release */,
			);
			defaultConfigurationIsVisible = 0;
			defaultConfigurationName = Release;
		};
		1F9A09EF22974A9F00C1C3DA /* Build configuration list for PBXNativeTarget "ActivityTimer" */ = {
			isa = XCConfigurationList;
			buildConfigurations = (
				1F9A09F022974A9F00C1C3DA /* Debug */,
				1F9A09F122974A9F00C1C3DA /* Release */,
			);
			defaultConfigurationIsVisible = 0;
			defaultConfigurationName = Release;
		};
		1F9A09F222974A9F00C1C3DA /* Build configuration list for PBXNativeTarget "ActivityTimerTests" */ = {
			isa = XCConfigurationList;
			buildConfigurations = (
				1F9A09F322974A9F00C1C3DA /* Debug */,
				1F9A09F422974A9F00C1C3DA /* Release */,
			);
			defaultConfigurationIsVisible = 0;
			defaultConfigurationName = Release;
		};
		1F9A09F522974A9F00C1C3DA /* Build configuration list for PBXNativeTarget "ActivityTimerUITests" */ = {
			isa = XCConfigurationList;
			buildConfigurations = (
				1F9A09F622974A9F00C1C3DA /* Debug */,
				1F9A09F722974A9F00C1C3DA /* Release */,
			);
			defaultConfigurationIsVisible = 0;
			defaultConfigurationName = Release;
		};
		1FC0E41022C3E56700490FC8 /* Build configuration list for PBXNativeTarget "IOSShared" */ = {
			isa = XCConfigurationList;
			buildConfigurations = (
				1FC0E41122C3E56700490FC8 /* Debug */,
				1FC0E41222C3E56700490FC8 /* Release */,
			);
			defaultConfigurationIsVisible = 0;
			defaultConfigurationName = Release;
		};
/* End XCConfigurationList section */

/* Begin XCVersionGroup section */
		1F510FCA229C01E500B5C258 /* ActivityTimer.xcdatamodeld */ = {
			isa = XCVersionGroup;
			children = (
				1F510FCB229C01E500B5C258 /* ActivityTimer.xcdatamodel */,
			);
			currentVersion = 1F510FCB229C01E500B5C258 /* ActivityTimer.xcdatamodel */;
			path = ActivityTimer.xcdatamodeld;
			sourceTree = "<group>";
			versionGroupType = wrapper.xcdatamodel;
		};
/* End XCVersionGroup section */
	};
	rootObject = 1F9A099722974A9A00C1C3DA /* Project object */;
}
